// !$*UTF8*$!
{
	archiveVersion = 1;
	classes = {
	};
	objectVersion = 45;
	objects = {

/* Begin PBXBuildFile section */
		9F088BDF126684EF008AD40D /* MessageUI.framework in Frameworks */ = {isa = PBXBuildFile; fileRef = 9F088BDE126684EF008AD40D /* MessageUI.framework */; settings = {ATTRIBUTES = (Weak, ); }; };
		9F608B3A143F7E98002F4439 /* JRPreviewLabel.h in Headers */ = {isa = PBXBuildFile; fileRef = 9F608B38143F7E98002F4439 /* JRPreviewLabel.h */; };
		9F608B3B143F7E98002F4439 /* JRPreviewLabel.m in Sources */ = {isa = PBXBuildFile; fileRef = 9F608B39143F7E98002F4439 /* JRPreviewLabel.m */; };
		9F96D60F12EA0462002D06B4 /* JREngage+CustomInterface.h in Headers */ = {isa = PBXBuildFile; fileRef = 9F96D60D12EA0462002D06B4 /* JREngage+CustomInterface.h */; };
		9F96D61012EA0462002D06B4 /* JREngage+CustomInterface.m in Sources */ = {isa = PBXBuildFile; fileRef = 9F96D60E12EA0462002D06B4 /* JREngage+CustomInterface.m */; };
		9FA5DC6112FC843D0033A711 /* JSON.h in Headers */ = {isa = PBXBuildFile; fileRef = 9FA5DC4E12FC843D0033A711 /* JSON.h */; };
		9FA5DC6212FC843D0033A711 /* NSObject+JSON.h in Headers */ = {isa = PBXBuildFile; fileRef = 9FA5DC4F12FC843D0033A711 /* NSObject+JSON.h */; };
		9FA5DC6312FC843D0033A711 /* NSObject+JSON.m in Sources */ = {isa = PBXBuildFile; fileRef = 9FA5DC5012FC843D0033A711 /* NSObject+JSON.m */; };
		9FA5DC6412FC843D0033A711 /* SBJsonParser.h in Headers */ = {isa = PBXBuildFile; fileRef = 9FA5DC5112FC843D0033A711 /* SBJsonParser.h */; };
		9FA5DC6512FC843D0033A711 /* SBJsonParser.m in Sources */ = {isa = PBXBuildFile; fileRef = 9FA5DC5212FC843D0033A711 /* SBJsonParser.m */; };
		9FA5DC6612FC843D0033A711 /* SBJsonStreamParser.h in Headers */ = {isa = PBXBuildFile; fileRef = 9FA5DC5312FC843D0033A711 /* SBJsonStreamParser.h */; };
		9FA5DC6712FC843D0033A711 /* SBJsonStreamParser.m in Sources */ = {isa = PBXBuildFile; fileRef = 9FA5DC5412FC843D0033A711 /* SBJsonStreamParser.m */; };
		9FA5DC6812FC843D0033A711 /* SBJsonStreamParserAdapter.h in Headers */ = {isa = PBXBuildFile; fileRef = 9FA5DC5512FC843D0033A711 /* SBJsonStreamParserAdapter.h */; };
		9FA5DC6912FC843D0033A711 /* SBJsonStreamParserAdapter.m in Sources */ = {isa = PBXBuildFile; fileRef = 9FA5DC5612FC843D0033A711 /* SBJsonStreamParserAdapter.m */; };
		9FA5DC6A12FC843D0033A711 /* SBJsonStreamParserState.h in Headers */ = {isa = PBXBuildFile; fileRef = 9FA5DC5712FC843D0033A711 /* SBJsonStreamParserState.h */; };
		9FA5DC6B12FC843D0033A711 /* SBJsonStreamParserState.m in Sources */ = {isa = PBXBuildFile; fileRef = 9FA5DC5812FC843D0033A711 /* SBJsonStreamParserState.m */; };
		9FA5DC6C12FC843D0033A711 /* SBJsonStreamWriter.h in Headers */ = {isa = PBXBuildFile; fileRef = 9FA5DC5912FC843D0033A711 /* SBJsonStreamWriter.h */; };
		9FA5DC6D12FC843D0033A711 /* SBJsonStreamWriter.m in Sources */ = {isa = PBXBuildFile; fileRef = 9FA5DC5A12FC843D0033A711 /* SBJsonStreamWriter.m */; };
		9FA5DC6E12FC843D0033A711 /* SBJsonStreamWriterState.h in Headers */ = {isa = PBXBuildFile; fileRef = 9FA5DC5B12FC843D0033A711 /* SBJsonStreamWriterState.h */; };
		9FA5DC6F12FC843D0033A711 /* SBJsonStreamWriterState.m in Sources */ = {isa = PBXBuildFile; fileRef = 9FA5DC5C12FC843D0033A711 /* SBJsonStreamWriterState.m */; };
		9FA5DC7012FC843D0033A711 /* SBJsonTokeniser.h in Headers */ = {isa = PBXBuildFile; fileRef = 9FA5DC5D12FC843D0033A711 /* SBJsonTokeniser.h */; };
		9FA5DC7112FC843D0033A711 /* SBJsonTokeniser.m in Sources */ = {isa = PBXBuildFile; fileRef = 9FA5DC5E12FC843D0033A711 /* SBJsonTokeniser.m */; };
		9FA5DC7212FC843D0033A711 /* SBJsonWriter.h in Headers */ = {isa = PBXBuildFile; fileRef = 9FA5DC5F12FC843D0033A711 /* SBJsonWriter.h */; };
		9FA5DC7312FC843D0033A711 /* SBJsonWriter.m in Sources */ = {isa = PBXBuildFile; fileRef = 9FA5DC6012FC843D0033A711 /* SBJsonWriter.m */; };
		9FA5DC7712FC844F0033A711 /* SFHFKeychainUtils.h in Headers */ = {isa = PBXBuildFile; fileRef = 9FA5DC7512FC844F0033A711 /* SFHFKeychainUtils.h */; };
		9FA5DC7812FC844F0033A711 /* SFHFKeychainUtils.m in Sources */ = {isa = PBXBuildFile; fileRef = 9FA5DC7612FC844F0033A711 /* SFHFKeychainUtils.m */; };
		9FED512E124020C2004684F2 /* JRActivityObject.h in Headers */ = {isa = PBXBuildFile; fileRef = 9FED5118124020C2004684F2 /* JRActivityObject.h */; };
		9FED512F124020C2004684F2 /* JRActivityObject.m in Sources */ = {isa = PBXBuildFile; fileRef = 9FED5119124020C2004684F2 /* JRActivityObject.m */; };
		9FED5130124020C2004684F2 /* JRConnectionManager.h in Headers */ = {isa = PBXBuildFile; fileRef = 9FED511A124020C2004684F2 /* JRConnectionManager.h */; };
		9FED5131124020C2004684F2 /* JRConnectionManager.m in Sources */ = {isa = PBXBuildFile; fileRef = 9FED511B124020C2004684F2 /* JRConnectionManager.m */; };
		9FED5132124020C2004684F2 /* JREngage.h in Headers */ = {isa = PBXBuildFile; fileRef = 9FED511C124020C2004684F2 /* JREngage.h */; };
		9FED5133124020C2004684F2 /* JREngage.m in Sources */ = {isa = PBXBuildFile; fileRef = 9FED511D124020C2004684F2 /* JREngage.m */; };
		9FED5134124020C2004684F2 /* JRInfoBar.h in Headers */ = {isa = PBXBuildFile; fileRef = 9FED511E124020C2004684F2 /* JRInfoBar.h */; };
		9FED5135124020C2004684F2 /* JRInfoBar.m in Sources */ = {isa = PBXBuildFile; fileRef = 9FED511F124020C2004684F2 /* JRInfoBar.m */; };
		9FED5138124020C2004684F2 /* JRProvidersController.h in Headers */ = {isa = PBXBuildFile; fileRef = 9FED5122124020C2004684F2 /* JRProvidersController.h */; };
		9FED5139124020C2004684F2 /* JRProvidersController.m in Sources */ = {isa = PBXBuildFile; fileRef = 9FED5123124020C2004684F2 /* JRProvidersController.m */; };
		9FED513A124020C2004684F2 /* JRPublishActivityController.h in Headers */ = {isa = PBXBuildFile; fileRef = 9FED5124124020C2004684F2 /* JRPublishActivityController.h */; };
		9FED513B124020C2004684F2 /* JRPublishActivityController.m in Sources */ = {isa = PBXBuildFile; fileRef = 9FED5125124020C2004684F2 /* JRPublishActivityController.m */; };
		9FED513C124020C2004684F2 /* JRSessionData.h in Headers */ = {isa = PBXBuildFile; fileRef = 9FED5126124020C2004684F2 /* JRSessionData.h */; };
		9FED513D124020C2004684F2 /* JRSessionData.m in Sources */ = {isa = PBXBuildFile; fileRef = 9FED5127124020C2004684F2 /* JRSessionData.m */; };
		9FED513E124020C2004684F2 /* JRUserInterfaceMaestro.h in Headers */ = {isa = PBXBuildFile; fileRef = 9FED5128124020C2004684F2 /* JRUserInterfaceMaestro.h */; };
		9FED513F124020C2004684F2 /* JRUserInterfaceMaestro.m in Sources */ = {isa = PBXBuildFile; fileRef = 9FED5129124020C2004684F2 /* JRUserInterfaceMaestro.m */; };
		9FED5140124020C2004684F2 /* JRUserLandingController.h in Headers */ = {isa = PBXBuildFile; fileRef = 9FED512A124020C2004684F2 /* JRUserLandingController.h */; };
		9FED5141124020C2004684F2 /* JRUserLandingController.m in Sources */ = {isa = PBXBuildFile; fileRef = 9FED512B124020C2004684F2 /* JRUserLandingController.m */; };
		9FED5142124020C2004684F2 /* JRWebViewController.h in Headers */ = {isa = PBXBuildFile; fileRef = 9FED512C124020C2004684F2 /* JRWebViewController.h */; };
		9FED5143124020C2004684F2 /* JRWebViewController.m in Sources */ = {isa = PBXBuildFile; fileRef = 9FED512D124020C2004684F2 /* JRWebViewController.m */; };
		AA747D9F0F9514B9006C5449 /* JREngage_Prefix.pch in Headers */ = {isa = PBXBuildFile; fileRef = AA747D9E0F9514B9006C5449 /* JREngage_Prefix.pch */; };
		AACBBE4A0F95108600F1A2B1 /* Foundation.framework in Frameworks */ = {isa = PBXBuildFile; fileRef = AACBBE490F95108600F1A2B1 /* Foundation.framework */; };
/* End PBXBuildFile section */

/* Begin PBXFileReference section */
		9F01A8B01294512600AD6899 /* JRProvidersController.xib */ = {isa = PBXFileReference; lastKnownFileType = file.xib; path = JRProvidersController.xib; sourceTree = "<group>"; };
		9F01A8B11294512600AD6899 /* JRPublishActivityController.xib */ = {isa = PBXFileReference; lastKnownFileType = file.xib; path = JRPublishActivityController.xib; sourceTree = "<group>"; };
		9F01A8B21294512600AD6899 /* JRUserLandingController.xib */ = {isa = PBXFileReference; lastKnownFileType = file.xib; path = JRUserLandingController.xib; sourceTree = "<group>"; };
		9F01A8B31294512600AD6899 /* JRWebViewController.xib */ = {isa = PBXFileReference; lastKnownFileType = file.xib; path = JRWebViewController.xib; sourceTree = "<group>"; };
		9F0880B8125BFB07008AD40D /* JREngage-Info.plist */ = {isa = PBXFileReference; fileEncoding = 4; lastKnownFileType = text.plist.xml; path = "JREngage-Info.plist"; sourceTree = "<group>"; };
		9F088BDE126684EF008AD40D /* MessageUI.framework */ = {isa = PBXFileReference; lastKnownFileType = wrapper.framework; name = MessageUI.framework; path = System/Library/Frameworks/MessageUI.framework; sourceTree = SDKROOT; };
		9F52236312B06BB80073ABAE /* button_black_135x40.png */ = {isa = PBXFileReference; lastKnownFileType = image.png; path = button_black_135x40.png; sourceTree = "<group>"; };
		9F52236412B06BB80073ABAE /* button_black_280x40.png */ = {isa = PBXFileReference; lastKnownFileType = image.png; path = button_black_280x40.png; sourceTree = "<group>"; };
		9F52236512B06BB80073ABAE /* button_facebook_135x40.png */ = {isa = PBXFileReference; lastKnownFileType = image.png; path = button_facebook_135x40.png; sourceTree = "<group>"; };
		9F52236612B06BB80073ABAE /* button_facebook_280x40.png */ = {isa = PBXFileReference; lastKnownFileType = image.png; path = button_facebook_280x40.png; sourceTree = "<group>"; };
		9F52236712B06BB80073ABAE /* button_google_135x40.png */ = {isa = PBXFileReference; lastKnownFileType = image.png; path = button_google_135x40.png; sourceTree = "<group>"; };
		9F52236812B06BB80073ABAE /* button_google_280x40.png */ = {isa = PBXFileReference; lastKnownFileType = image.png; path = button_google_280x40.png; sourceTree = "<group>"; };
		9F52236912B06BB80073ABAE /* button_iosblue_135x40.png */ = {isa = PBXFileReference; lastKnownFileType = image.png; path = button_iosblue_135x40.png; sourceTree = "<group>"; };
		9F52236A12B06BB80073ABAE /* button_iosblue_280x40.png */ = {isa = PBXFileReference; lastKnownFileType = image.png; path = button_iosblue_280x40.png; sourceTree = "<group>"; };
		9F52236B12B06BB80073ABAE /* button_janrain_135x40.png */ = {isa = PBXFileReference; lastKnownFileType = image.png; path = button_janrain_135x40.png; sourceTree = "<group>"; };
		9F52236C12B06BB80073ABAE /* button_janrain_280x40.png */ = {isa = PBXFileReference; lastKnownFileType = image.png; path = button_janrain_280x40.png; sourceTree = "<group>"; };
		9F52236D12B06BB80073ABAE /* button_linkedin_135x40.png */ = {isa = PBXFileReference; lastKnownFileType = image.png; path = button_linkedin_135x40.png; sourceTree = "<group>"; };
		9F52236E12B06BB80073ABAE /* button_linkedin_280x40.png */ = {isa = PBXFileReference; lastKnownFileType = image.png; path = button_linkedin_280x40.png; sourceTree = "<group>"; };
		9F52236F12B06BB80073ABAE /* button_myspace_135x40.png */ = {isa = PBXFileReference; lastKnownFileType = image.png; path = button_myspace_135x40.png; sourceTree = "<group>"; };
		9F52237012B06BB80073ABAE /* button_myspace_280x40.png */ = {isa = PBXFileReference; lastKnownFileType = image.png; path = button_myspace_280x40.png; sourceTree = "<group>"; };
		9F52237112B06BB80073ABAE /* button_twitter_135x40.png */ = {isa = PBXFileReference; lastKnownFileType = image.png; path = button_twitter_135x40.png; sourceTree = "<group>"; };
		9F52237212B06BB80073ABAE /* button_twitter_280x40.png */ = {isa = PBXFileReference; lastKnownFileType = image.png; path = button_twitter_280x40.png; sourceTree = "<group>"; };
		9F52237312B06BB80073ABAE /* button_yahoo_135x40.png */ = {isa = PBXFileReference; lastKnownFileType = image.png; path = button_yahoo_135x40.png; sourceTree = "<group>"; };
		9F52237412B06BB80073ABAE /* button_yahoo_280x40.png */ = {isa = PBXFileReference; lastKnownFileType = image.png; path = button_yahoo_280x40.png; sourceTree = "<group>"; };
		9F52237612B06BB80073ABAE /* icon_aol_30x30.png */ = {isa = PBXFileReference; lastKnownFileType = image.png; path = icon_aol_30x30.png; sourceTree = "<group>"; };
		9F52237712B06BB80073ABAE /* icon_blogger_30x30.png */ = {isa = PBXFileReference; lastKnownFileType = image.png; path = icon_blogger_30x30.png; sourceTree = "<group>"; };
		9F52237812B06BB80073ABAE /* icon_facebook_30x30.png */ = {isa = PBXFileReference; lastKnownFileType = image.png; path = icon_facebook_30x30.png; sourceTree = "<group>"; };
		9F52237912B06BB80073ABAE /* icon_flickr_30x30.png */ = {isa = PBXFileReference; lastKnownFileType = image.png; path = icon_flickr_30x30.png; sourceTree = "<group>"; };
		9F52237A12B06BB80073ABAE /* icon_google_30x30.png */ = {isa = PBXFileReference; lastKnownFileType = image.png; path = icon_google_30x30.png; sourceTree = "<group>"; };
		9F52237B12B06BB80073ABAE /* icon_hyves_30x30.png */ = {isa = PBXFileReference; lastKnownFileType = image.png; path = icon_hyves_30x30.png; sourceTree = "<group>"; };
		9F52237C12B06BB80073ABAE /* icon_linkedin_30x30.png */ = {isa = PBXFileReference; lastKnownFileType = image.png; path = icon_linkedin_30x30.png; sourceTree = "<group>"; };
		9F52237D12B06BB80073ABAE /* icon_live_id_30x30.png */ = {isa = PBXFileReference; lastKnownFileType = image.png; path = icon_live_id_30x30.png; sourceTree = "<group>"; };
		9F52237E12B06BB80073ABAE /* icon_livejournal_30x30.png */ = {isa = PBXFileReference; lastKnownFileType = image.png; path = icon_livejournal_30x30.png; sourceTree = "<group>"; };
		9F52237F12B06BB80073ABAE /* icon_myopenid_30x30.png */ = {isa = PBXFileReference; lastKnownFileType = image.png; path = icon_myopenid_30x30.png; sourceTree = "<group>"; };
		9F52238012B06BB80073ABAE /* icon_myspace_30x30.png */ = {isa = PBXFileReference; lastKnownFileType = image.png; path = icon_myspace_30x30.png; sourceTree = "<group>"; };
		9F52238112B06BB80073ABAE /* icon_netlog_30x30.png */ = {isa = PBXFileReference; lastKnownFileType = image.png; path = icon_netlog_30x30.png; sourceTree = "<group>"; };
		9F52238212B06BB80073ABAE /* icon_openid_30x30.png */ = {isa = PBXFileReference; lastKnownFileType = image.png; path = icon_openid_30x30.png; sourceTree = "<group>"; };
		9F52238312B06BB80073ABAE /* icon_paypal_30x30.png */ = {isa = PBXFileReference; lastKnownFileType = image.png; path = icon_paypal_30x30.png; sourceTree = "<group>"; };
		9F52238412B06BB80073ABAE /* icon_twitter_30x30.png */ = {isa = PBXFileReference; lastKnownFileType = image.png; path = icon_twitter_30x30.png; sourceTree = "<group>"; };
		9F52238512B06BB80073ABAE /* icon_verisign_30x30.png */ = {isa = PBXFileReference; lastKnownFileType = image.png; path = icon_verisign_30x30.png; sourceTree = "<group>"; };
		9F52238612B06BB80073ABAE /* icon_wordpress_30x30.png */ = {isa = PBXFileReference; lastKnownFileType = image.png; path = icon_wordpress_30x30.png; sourceTree = "<group>"; };
		9F52238712B06BB80073ABAE /* icon_yahoo_30x30.png */ = {isa = PBXFileReference; lastKnownFileType = image.png; path = icon_yahoo_30x30.png; sourceTree = "<group>"; };
		9F52238912B06BB80073ABAE /* icon_bw_facebook_30x30.png */ = {isa = PBXFileReference; lastKnownFileType = image.png; path = icon_bw_facebook_30x30.png; sourceTree = "<group>"; };
		9F52238A12B06BB80073ABAE /* icon_bw_linkedin_30x30.png */ = {isa = PBXFileReference; lastKnownFileType = image.png; path = icon_bw_linkedin_30x30.png; sourceTree = "<group>"; };
		9F52238B12B06BB80073ABAE /* icon_bw_mail_30x30.png */ = {isa = PBXFileReference; lastKnownFileType = image.png; path = icon_bw_mail_30x30.png; sourceTree = "<group>"; };
		9F52238C12B06BB80073ABAE /* icon_bw_mail_sms_30x30.png */ = {isa = PBXFileReference; lastKnownFileType = image.png; path = icon_bw_mail_sms_30x30.png; sourceTree = "<group>"; };
		9F52238D12B06BB80073ABAE /* icon_bw_myspace_30x30.png */ = {isa = PBXFileReference; lastKnownFileType = image.png; path = icon_bw_myspace_30x30.png; sourceTree = "<group>"; };
		9F52238E12B06BB80073ABAE /* icon_bw_sms_30x30.png */ = {isa = PBXFileReference; lastKnownFileType = image.png; path = icon_bw_sms_30x30.png; sourceTree = "<group>"; };
		9F52238F12B06BB80073ABAE /* icon_bw_twitter_30x30.png */ = {isa = PBXFileReference; lastKnownFileType = image.png; path = icon_bw_twitter_30x30.png; sourceTree = "<group>"; };
		9F52239012B06BB80073ABAE /* icon_bw_yahoo_30x30.png */ = {isa = PBXFileReference; lastKnownFileType = image.png; path = icon_bw_yahoo_30x30.png; sourceTree = "<group>"; };
		9F52239212B06BB80073ABAE /* logo_aol_280x65.png */ = {isa = PBXFileReference; lastKnownFileType = image.png; path = logo_aol_280x65.png; sourceTree = "<group>"; };
		9F52239312B06BB80073ABAE /* logo_blogger_280x65.png */ = {isa = PBXFileReference; lastKnownFileType = image.png; path = logo_blogger_280x65.png; sourceTree = "<group>"; };
		9F52239412B06BB80073ABAE /* logo_facebook_280x65.png */ = {isa = PBXFileReference; lastKnownFileType = image.png; path = logo_facebook_280x65.png; sourceTree = "<group>"; };
		9F52239512B06BB80073ABAE /* logo_flickr_280x65.png */ = {isa = PBXFileReference; lastKnownFileType = image.png; path = logo_flickr_280x65.png; sourceTree = "<group>"; };
		9F52239612B06BB80073ABAE /* logo_google_280x65.png */ = {isa = PBXFileReference; lastKnownFileType = image.png; path = logo_google_280x65.png; sourceTree = "<group>"; };
		9F52239712B06BB80073ABAE /* logo_hyves_280x65.png */ = {isa = PBXFileReference; lastKnownFileType = image.png; path = logo_hyves_280x65.png; sourceTree = "<group>"; };
		9F52239812B06BB80073ABAE /* logo_linkedin_280x65.png */ = {isa = PBXFileReference; lastKnownFileType = image.png; path = logo_linkedin_280x65.png; sourceTree = "<group>"; };
		9F52239912B06BB80073ABAE /* logo_live_id_280x65.png */ = {isa = PBXFileReference; lastKnownFileType = image.png; path = logo_live_id_280x65.png; sourceTree = "<group>"; };
		9F52239A12B06BB80073ABAE /* logo_livejournal_280x65.png */ = {isa = PBXFileReference; lastKnownFileType = image.png; path = logo_livejournal_280x65.png; sourceTree = "<group>"; };
		9F52239B12B06BB80073ABAE /* logo_myopenid_280x65.png */ = {isa = PBXFileReference; lastKnownFileType = image.png; path = logo_myopenid_280x65.png; sourceTree = "<group>"; };
		9F52239C12B06BB80073ABAE /* logo_myspace_280x65.png */ = {isa = PBXFileReference; lastKnownFileType = image.png; path = logo_myspace_280x65.png; sourceTree = "<group>"; };
		9F52239D12B06BB80073ABAE /* logo_netlog_280x65.png */ = {isa = PBXFileReference; lastKnownFileType = image.png; path = logo_netlog_280x65.png; sourceTree = "<group>"; };
		9F52239E12B06BB80073ABAE /* logo_openid_280x65.png */ = {isa = PBXFileReference; lastKnownFileType = image.png; path = logo_openid_280x65.png; sourceTree = "<group>"; };
		9F52239F12B06BB80073ABAE /* logo_paypal_280x65.png */ = {isa = PBXFileReference; lastKnownFileType = image.png; path = logo_paypal_280x65.png; sourceTree = "<group>"; };
		9F5223A012B06BB80073ABAE /* logo_twitter_280x65.png */ = {isa = PBXFileReference; lastKnownFileType = image.png; path = logo_twitter_280x65.png; sourceTree = "<group>"; };
		9F5223A112B06BB80073ABAE /* logo_verisign_280x65.png */ = {isa = PBXFileReference; lastKnownFileType = image.png; path = logo_verisign_280x65.png; sourceTree = "<group>"; };
		9F5223A212B06BB80073ABAE /* logo_yahoo_280x65.png */ = {isa = PBXFileReference; lastKnownFileType = image.png; path = logo_yahoo_280x65.png; sourceTree = "<group>"; };
		9F5223A412B06BB80073ABAE /* check_mark.png */ = {isa = PBXFileReference; lastKnownFileType = image.png; path = check_mark.png; sourceTree = "<group>"; };
		9F5223A512B06BB80073ABAE /* media_view_background_bottom.png */ = {isa = PBXFileReference; lastKnownFileType = image.png; path = media_view_background_bottom.png; sourceTree = "<group>"; };
		9F5223A612B06BB80073ABAE /* media_view_background_top.png */ = {isa = PBXFileReference; lastKnownFileType = image.png; path = media_view_background_top.png; sourceTree = "<group>"; };
		9F5223A712B06BB80073ABAE /* music_note.jpg */ = {isa = PBXFileReference; lastKnownFileType = image.jpeg; path = music_note.jpg; sourceTree = "<group>"; };
		9F5223A812B06BB80073ABAE /* profilepic_placeholder.png */ = {isa = PBXFileReference; lastKnownFileType = image.png; path = profilepic_placeholder.png; sourceTree = "<group>"; };
		9F5223A912B06BB80073ABAE /* triangle_icon.png */ = {isa = PBXFileReference; lastKnownFileType = image.png; path = triangle_icon.png; sourceTree = "<group>"; };
		9F5223AC12B06BB80073ABAE /* button_black_135x40@2x.png */ = {isa = PBXFileReference; lastKnownFileType = image.png; path = "button_black_135x40@2x.png"; sourceTree = "<group>"; };
		9F5223AD12B06BB80073ABAE /* button_black_280x40@2x.png */ = {isa = PBXFileReference; lastKnownFileType = image.png; path = "button_black_280x40@2x.png"; sourceTree = "<group>"; };
		9F5223AE12B06BB80073ABAE /* button_facebook_135x40@2x.png */ = {isa = PBXFileReference; lastKnownFileType = image.png; path = "button_facebook_135x40@2x.png"; sourceTree = "<group>"; };
		9F5223AF12B06BB80073ABAE /* button_facebook_280x40@2x.png */ = {isa = PBXFileReference; lastKnownFileType = image.png; path = "button_facebook_280x40@2x.png"; sourceTree = "<group>"; };
		9F5223B012B06BB80073ABAE /* button_google_135x40@2x.png */ = {isa = PBXFileReference; lastKnownFileType = image.png; path = "button_google_135x40@2x.png"; sourceTree = "<group>"; };
		9F5223B112B06BB80073ABAE /* button_google_280x40@2x.png */ = {isa = PBXFileReference; lastKnownFileType = image.png; path = "button_google_280x40@2x.png"; sourceTree = "<group>"; };
		9F5223B212B06BB80073ABAE /* button_iosblue_135x40@2x.png */ = {isa = PBXFileReference; lastKnownFileType = image.png; path = "button_iosblue_135x40@2x.png"; sourceTree = "<group>"; };
		9F5223B312B06BB80073ABAE /* button_iosblue_280x40@2x.png */ = {isa = PBXFileReference; lastKnownFileType = image.png; path = "button_iosblue_280x40@2x.png"; sourceTree = "<group>"; };
		9F5223B412B06BB80073ABAE /* button_janrain_135x40@2x.png */ = {isa = PBXFileReference; lastKnownFileType = image.png; path = "button_janrain_135x40@2x.png"; sourceTree = "<group>"; };
		9F5223B512B06BB80073ABAE /* button_janrain_280x40@2x.png */ = {isa = PBXFileReference; lastKnownFileType = image.png; path = "button_janrain_280x40@2x.png"; sourceTree = "<group>"; };
		9F5223B612B06BB80073ABAE /* button_linkedin_135x40@2x.png */ = {isa = PBXFileReference; lastKnownFileType = image.png; path = "button_linkedin_135x40@2x.png"; sourceTree = "<group>"; };
		9F5223B712B06BB80073ABAE /* button_linkedin_280x40@2x.png */ = {isa = PBXFileReference; lastKnownFileType = image.png; path = "button_linkedin_280x40@2x.png"; sourceTree = "<group>"; };
		9F5223B812B06BB80073ABAE /* button_myspace_135x40@2x.png */ = {isa = PBXFileReference; lastKnownFileType = image.png; path = "button_myspace_135x40@2x.png"; sourceTree = "<group>"; };
		9F5223B912B06BB80073ABAE /* button_myspace_280x40@2x.png */ = {isa = PBXFileReference; lastKnownFileType = image.png; path = "button_myspace_280x40@2x.png"; sourceTree = "<group>"; };
		9F5223BA12B06BB80073ABAE /* button_twitter_135x40@2x.png */ = {isa = PBXFileReference; lastKnownFileType = image.png; path = "button_twitter_135x40@2x.png"; sourceTree = "<group>"; };
		9F5223BB12B06BB80073ABAE /* button_twitter_280x40@2x.png */ = {isa = PBXFileReference; lastKnownFileType = image.png; path = "button_twitter_280x40@2x.png"; sourceTree = "<group>"; };
		9F5223BC12B06BB80073ABAE /* button_yahoo_135x40@2x.png */ = {isa = PBXFileReference; lastKnownFileType = image.png; path = "button_yahoo_135x40@2x.png"; sourceTree = "<group>"; };
		9F5223BD12B06BB80073ABAE /* button_yahoo_280x40@2x.png */ = {isa = PBXFileReference; lastKnownFileType = image.png; path = "button_yahoo_280x40@2x.png"; sourceTree = "<group>"; };
		9F5223BF12B06BB80073ABAE /* icon_aol_30x30@2x.png */ = {isa = PBXFileReference; lastKnownFileType = image.png; path = "icon_aol_30x30@2x.png"; sourceTree = "<group>"; };
		9F5223C012B06BB80073ABAE /* icon_blogger_30x30@2x.png */ = {isa = PBXFileReference; lastKnownFileType = image.png; path = "icon_blogger_30x30@2x.png"; sourceTree = "<group>"; };
		9F5223C112B06BB80073ABAE /* icon_facebook_30x30@2x.png */ = {isa = PBXFileReference; lastKnownFileType = image.png; path = "icon_facebook_30x30@2x.png"; sourceTree = "<group>"; };
		9F5223C212B06BB80073ABAE /* icon_flickr_30x30@2x.png */ = {isa = PBXFileReference; lastKnownFileType = image.png; path = "icon_flickr_30x30@2x.png"; sourceTree = "<group>"; };
		9F5223C312B06BB80073ABAE /* icon_google_30x30@2x.png */ = {isa = PBXFileReference; lastKnownFileType = image.png; path = "icon_google_30x30@2x.png"; sourceTree = "<group>"; };
		9F5223C412B06BB80073ABAE /* icon_hyves_30x30@2x.png */ = {isa = PBXFileReference; lastKnownFileType = image.png; path = "icon_hyves_30x30@2x.png"; sourceTree = "<group>"; };
		9F5223C512B06BB80073ABAE /* icon_linkedin_30x30@2x.png */ = {isa = PBXFileReference; lastKnownFileType = image.png; path = "icon_linkedin_30x30@2x.png"; sourceTree = "<group>"; };
		9F5223C612B06BB80073ABAE /* icon_live_id_30x30@2x.png */ = {isa = PBXFileReference; lastKnownFileType = image.png; path = "icon_live_id_30x30@2x.png"; sourceTree = "<group>"; };
		9F5223C712B06BB80073ABAE /* icon_livejournal_30x30@2x.png */ = {isa = PBXFileReference; lastKnownFileType = image.png; path = "icon_livejournal_30x30@2x.png"; sourceTree = "<group>"; };
		9F5223C812B06BB80073ABAE /* icon_myopenid_30x30@2x.png */ = {isa = PBXFileReference; lastKnownFileType = image.png; path = "icon_myopenid_30x30@2x.png"; sourceTree = "<group>"; };
		9F5223C912B06BB80073ABAE /* icon_myspace_30x30@2x.png */ = {isa = PBXFileReference; lastKnownFileType = image.png; path = "icon_myspace_30x30@2x.png"; sourceTree = "<group>"; };
		9F5223CA12B06BB80073ABAE /* icon_netlog_30x30@2x.png */ = {isa = PBXFileReference; lastKnownFileType = image.png; path = "icon_netlog_30x30@2x.png"; sourceTree = "<group>"; };
		9F5223CB12B06BB80073ABAE /* icon_openid_30x30@2x.png */ = {isa = PBXFileReference; lastKnownFileType = image.png; path = "icon_openid_30x30@2x.png"; sourceTree = "<group>"; };
		9F5223CC12B06BB80073ABAE /* icon_paypal_30x30@2x.png */ = {isa = PBXFileReference; lastKnownFileType = image.png; path = "icon_paypal_30x30@2x.png"; sourceTree = "<group>"; };
		9F5223CD12B06BB80073ABAE /* icon_twitter_30x30@2x.png */ = {isa = PBXFileReference; lastKnownFileType = image.png; path = "icon_twitter_30x30@2x.png"; sourceTree = "<group>"; };
		9F5223CE12B06BB80073ABAE /* icon_verisign_30x30@2x.png */ = {isa = PBXFileReference; lastKnownFileType = image.png; path = "icon_verisign_30x30@2x.png"; sourceTree = "<group>"; };
		9F5223CF12B06BB80073ABAE /* icon_wordpress_30x30@2x.png */ = {isa = PBXFileReference; lastKnownFileType = image.png; path = "icon_wordpress_30x30@2x.png"; sourceTree = "<group>"; };
		9F5223D012B06BB80073ABAE /* icon_yahoo_30x30@2x.png */ = {isa = PBXFileReference; lastKnownFileType = image.png; path = "icon_yahoo_30x30@2x.png"; sourceTree = "<group>"; };
		9F5223D212B06BB80073ABAE /* icon_bw_facebook_30x30@2x.png */ = {isa = PBXFileReference; lastKnownFileType = image.png; path = "icon_bw_facebook_30x30@2x.png"; sourceTree = "<group>"; };
		9F5223D312B06BB80073ABAE /* icon_bw_linkedin_30x30@2x.png */ = {isa = PBXFileReference; lastKnownFileType = image.png; path = "icon_bw_linkedin_30x30@2x.png"; sourceTree = "<group>"; };
		9F5223D412B06BB80073ABAE /* icon_bw_mail_30x30@2x.png */ = {isa = PBXFileReference; lastKnownFileType = image.png; path = "icon_bw_mail_30x30@2x.png"; sourceTree = "<group>"; };
		9F5223D512B06BB80073ABAE /* icon_bw_mail_sms_30x30@2x.png */ = {isa = PBXFileReference; lastKnownFileType = image.png; path = "icon_bw_mail_sms_30x30@2x.png"; sourceTree = "<group>"; };
		9F5223D612B06BB80073ABAE /* icon_bw_myspace_30x30@2x.png */ = {isa = PBXFileReference; lastKnownFileType = image.png; path = "icon_bw_myspace_30x30@2x.png"; sourceTree = "<group>"; };
		9F5223D712B06BB80073ABAE /* icon_bw_sms_30x30@2x.png */ = {isa = PBXFileReference; lastKnownFileType = image.png; path = "icon_bw_sms_30x30@2x.png"; sourceTree = "<group>"; };
		9F5223D812B06BB80073ABAE /* icon_bw_twitter_30x30@2x.png */ = {isa = PBXFileReference; lastKnownFileType = image.png; path = "icon_bw_twitter_30x30@2x.png"; sourceTree = "<group>"; };
		9F5223D912B06BB80073ABAE /* icon_bw_yahoo_30x30@2x.png */ = {isa = PBXFileReference; lastKnownFileType = image.png; path = "icon_bw_yahoo_30x30@2x.png"; sourceTree = "<group>"; };
		9F5223DB12B06BB80073ABAE /* logo_aol_280x65@2x.png */ = {isa = PBXFileReference; lastKnownFileType = image.png; path = "logo_aol_280x65@2x.png"; sourceTree = "<group>"; };
		9F5223DC12B06BB80073ABAE /* logo_blogger_280x65@2x.png */ = {isa = PBXFileReference; lastKnownFileType = image.png; path = "logo_blogger_280x65@2x.png"; sourceTree = "<group>"; };
		9F5223DD12B06BB80073ABAE /* logo_facebook_280x65@2x.png */ = {isa = PBXFileReference; lastKnownFileType = image.png; path = "logo_facebook_280x65@2x.png"; sourceTree = "<group>"; };
		9F5223DE12B06BB80073ABAE /* logo_flickr_280x65@2x.png */ = {isa = PBXFileReference; lastKnownFileType = image.png; path = "logo_flickr_280x65@2x.png"; sourceTree = "<group>"; };
		9F5223DF12B06BB80073ABAE /* logo_google_280x65@2x.png */ = {isa = PBXFileReference; lastKnownFileType = image.png; path = "logo_google_280x65@2x.png"; sourceTree = "<group>"; };
		9F5223E012B06BB80073ABAE /* logo_hyves_280x65@2x.png */ = {isa = PBXFileReference; lastKnownFileType = image.png; path = "logo_hyves_280x65@2x.png"; sourceTree = "<group>"; };
		9F5223E112B06BB80073ABAE /* logo_linkedin_280x65@2x.png */ = {isa = PBXFileReference; lastKnownFileType = image.png; path = "logo_linkedin_280x65@2x.png"; sourceTree = "<group>"; };
		9F5223E212B06BB80073ABAE /* logo_live_id_280x65@2x.png */ = {isa = PBXFileReference; lastKnownFileType = image.png; path = "logo_live_id_280x65@2x.png"; sourceTree = "<group>"; };
		9F5223E312B06BB80073ABAE /* logo_livejournal_280x65@2x.png */ = {isa = PBXFileReference; lastKnownFileType = image.png; path = "logo_livejournal_280x65@2x.png"; sourceTree = "<group>"; };
		9F5223E412B06BB80073ABAE /* logo_myopenid_280x65@2x.png */ = {isa = PBXFileReference; lastKnownFileType = image.png; path = "logo_myopenid_280x65@2x.png"; sourceTree = "<group>"; };
		9F5223E512B06BB80073ABAE /* logo_myspace_280x65@2x.png */ = {isa = PBXFileReference; lastKnownFileType = image.png; path = "logo_myspace_280x65@2x.png"; sourceTree = "<group>"; };
		9F5223E612B06BB80073ABAE /* logo_netlog_280x65@2x.png */ = {isa = PBXFileReference; lastKnownFileType = image.png; path = "logo_netlog_280x65@2x.png"; sourceTree = "<group>"; };
		9F5223E712B06BB80073ABAE /* logo_openid_280x65@2x.png */ = {isa = PBXFileReference; lastKnownFileType = image.png; path = "logo_openid_280x65@2x.png"; sourceTree = "<group>"; };
		9F5223E812B06BB80073ABAE /* logo_paypal_280x65@2x.png */ = {isa = PBXFileReference; lastKnownFileType = image.png; path = "logo_paypal_280x65@2x.png"; sourceTree = "<group>"; };
		9F5223E912B06BB80073ABAE /* logo_twitter_280x65@2x.png */ = {isa = PBXFileReference; lastKnownFileType = image.png; path = "logo_twitter_280x65@2x.png"; sourceTree = "<group>"; };
		9F5223EA12B06BB80073ABAE /* logo_verisign_280x65@2x.png */ = {isa = PBXFileReference; lastKnownFileType = image.png; path = "logo_verisign_280x65@2x.png"; sourceTree = "<group>"; };
		9F5223EB12B06BB80073ABAE /* logo_yahoo_280x65@2x.png */ = {isa = PBXFileReference; lastKnownFileType = image.png; path = "logo_yahoo_280x65@2x.png"; sourceTree = "<group>"; };
		9F5223ED12B06BB80073ABAE /* check_mark@2x.png */ = {isa = PBXFileReference; lastKnownFileType = image.png; path = "check_mark@2x.png"; sourceTree = "<group>"; };
		9F5223EE12B06BB80073ABAE /* media_view_background_bottom@2x.png */ = {isa = PBXFileReference; lastKnownFileType = image.png; path = "media_view_background_bottom@2x.png"; sourceTree = "<group>"; };
		9F5223EF12B06BB80073ABAE /* media_view_background_top@2x.png */ = {isa = PBXFileReference; lastKnownFileType = image.png; path = "media_view_background_top@2x.png"; sourceTree = "<group>"; };
		9F5223F012B06BB80073ABAE /* music_note@2x.jpg */ = {isa = PBXFileReference; lastKnownFileType = image.jpeg; path = "music_note@2x.jpg"; sourceTree = "<group>"; };
		9F5223F112B06BB80073ABAE /* profilepic_placeholder@2x.png */ = {isa = PBXFileReference; lastKnownFileType = image.png; path = "profilepic_placeholder@2x.png"; sourceTree = "<group>"; };
		9F5223F212B06BB80073ABAE /* triangle_icon@2x.png */ = {isa = PBXFileReference; lastKnownFileType = image.png; path = "triangle_icon@2x.png"; sourceTree = "<group>"; };
		9F608B38143F7E98002F4439 /* JRPreviewLabel.h */ = {isa = PBXFileReference; fileEncoding = 4; lastKnownFileType = sourcecode.c.h; name = JRPreviewLabel.h; path = Classes/JRPreviewLabel.h; sourceTree = SOURCE_ROOT; };
		9F608B39143F7E98002F4439 /* JRPreviewLabel.m */ = {isa = PBXFileReference; fileEncoding = 4; lastKnownFileType = sourcecode.c.objc; name = JRPreviewLabel.m; path = Classes/JRPreviewLabel.m; sourceTree = SOURCE_ROOT; };
		9F96D60D12EA0462002D06B4 /* JREngage+CustomInterface.h */ = {isa = PBXFileReference; fileEncoding = 4; lastKnownFileType = sourcecode.c.h; path = "JREngage+CustomInterface.h"; sourceTree = "<group>"; };
		9F96D60E12EA0462002D06B4 /* JREngage+CustomInterface.m */ = {isa = PBXFileReference; fileEncoding = 4; lastKnownFileType = sourcecode.c.objc; path = "JREngage+CustomInterface.m"; sourceTree = "<group>"; };
		9FA5DC4E12FC843D0033A711 /* JSON.h */ = {isa = PBXFileReference; fileEncoding = 4; lastKnownFileType = sourcecode.c.h; path = JSON.h; sourceTree = "<group>"; };
		9FA5DC4F12FC843D0033A711 /* NSObject+JSON.h */ = {isa = PBXFileReference; fileEncoding = 4; lastKnownFileType = sourcecode.c.h; path = "NSObject+JSON.h"; sourceTree = "<group>"; };
		9FA5DC5012FC843D0033A711 /* NSObject+JSON.m */ = {isa = PBXFileReference; fileEncoding = 4; lastKnownFileType = sourcecode.c.objc; path = "NSObject+JSON.m"; sourceTree = "<group>"; };
		9FA5DC5112FC843D0033A711 /* SBJsonParser.h */ = {isa = PBXFileReference; fileEncoding = 4; lastKnownFileType = sourcecode.c.h; path = SBJsonParser.h; sourceTree = "<group>"; };
		9FA5DC5212FC843D0033A711 /* SBJsonParser.m */ = {isa = PBXFileReference; fileEncoding = 4; lastKnownFileType = sourcecode.c.objc; path = SBJsonParser.m; sourceTree = "<group>"; };
		9FA5DC5312FC843D0033A711 /* SBJsonStreamParser.h */ = {isa = PBXFileReference; fileEncoding = 4; lastKnownFileType = sourcecode.c.h; path = SBJsonStreamParser.h; sourceTree = "<group>"; };
		9FA5DC5412FC843D0033A711 /* SBJsonStreamParser.m */ = {isa = PBXFileReference; fileEncoding = 4; lastKnownFileType = sourcecode.c.objc; path = SBJsonStreamParser.m; sourceTree = "<group>"; };
		9FA5DC5512FC843D0033A711 /* SBJsonStreamParserAdapter.h */ = {isa = PBXFileReference; fileEncoding = 4; lastKnownFileType = sourcecode.c.h; path = SBJsonStreamParserAdapter.h; sourceTree = "<group>"; };
		9FA5DC5612FC843D0033A711 /* SBJsonStreamParserAdapter.m */ = {isa = PBXFileReference; fileEncoding = 4; lastKnownFileType = sourcecode.c.objc; path = SBJsonStreamParserAdapter.m; sourceTree = "<group>"; };
		9FA5DC5712FC843D0033A711 /* SBJsonStreamParserState.h */ = {isa = PBXFileReference; fileEncoding = 4; lastKnownFileType = sourcecode.c.h; path = SBJsonStreamParserState.h; sourceTree = "<group>"; };
		9FA5DC5812FC843D0033A711 /* SBJsonStreamParserState.m */ = {isa = PBXFileReference; fileEncoding = 4; lastKnownFileType = sourcecode.c.objc; path = SBJsonStreamParserState.m; sourceTree = "<group>"; };
		9FA5DC5912FC843D0033A711 /* SBJsonStreamWriter.h */ = {isa = PBXFileReference; fileEncoding = 4; lastKnownFileType = sourcecode.c.h; path = SBJsonStreamWriter.h; sourceTree = "<group>"; };
		9FA5DC5A12FC843D0033A711 /* SBJsonStreamWriter.m */ = {isa = PBXFileReference; fileEncoding = 4; lastKnownFileType = sourcecode.c.objc; path = SBJsonStreamWriter.m; sourceTree = "<group>"; };
		9FA5DC5B12FC843D0033A711 /* SBJsonStreamWriterState.h */ = {isa = PBXFileReference; fileEncoding = 4; lastKnownFileType = sourcecode.c.h; path = SBJsonStreamWriterState.h; sourceTree = "<group>"; };
		9FA5DC5C12FC843D0033A711 /* SBJsonStreamWriterState.m */ = {isa = PBXFileReference; fileEncoding = 4; lastKnownFileType = sourcecode.c.objc; path = SBJsonStreamWriterState.m; sourceTree = "<group>"; };
		9FA5DC5D12FC843D0033A711 /* SBJsonTokeniser.h */ = {isa = PBXFileReference; fileEncoding = 4; lastKnownFileType = sourcecode.c.h; path = SBJsonTokeniser.h; sourceTree = "<group>"; };
		9FA5DC5E12FC843D0033A711 /* SBJsonTokeniser.m */ = {isa = PBXFileReference; fileEncoding = 4; lastKnownFileType = sourcecode.c.objc; path = SBJsonTokeniser.m; sourceTree = "<group>"; };
		9FA5DC5F12FC843D0033A711 /* SBJsonWriter.h */ = {isa = PBXFileReference; fileEncoding = 4; lastKnownFileType = sourcecode.c.h; path = SBJsonWriter.h; sourceTree = "<group>"; };
		9FA5DC6012FC843D0033A711 /* SBJsonWriter.m */ = {isa = PBXFileReference; fileEncoding = 4; lastKnownFileType = sourcecode.c.objc; path = SBJsonWriter.m; sourceTree = "<group>"; };
		9FA5DC7512FC844F0033A711 /* SFHFKeychainUtils.h */ = {isa = PBXFileReference; fileEncoding = 4; lastKnownFileType = sourcecode.c.h; path = SFHFKeychainUtils.h; sourceTree = "<group>"; };
		9FA5DC7612FC844F0033A711 /* SFHFKeychainUtils.m */ = {isa = PBXFileReference; fileEncoding = 4; lastKnownFileType = sourcecode.c.objc; path = SFHFKeychainUtils.m; sourceTree = "<group>"; };
		9FED5118124020C2004684F2 /* JRActivityObject.h */ = {isa = PBXFileReference; fileEncoding = 4; lastKnownFileType = sourcecode.c.h; path = JRActivityObject.h; sourceTree = "<group>"; };
		9FED5119124020C2004684F2 /* JRActivityObject.m */ = {isa = PBXFileReference; fileEncoding = 4; lastKnownFileType = sourcecode.c.objc; path = JRActivityObject.m; sourceTree = "<group>"; };
		9FED511A124020C2004684F2 /* JRConnectionManager.h */ = {isa = PBXFileReference; fileEncoding = 4; lastKnownFileType = sourcecode.c.h; path = JRConnectionManager.h; sourceTree = "<group>"; };
		9FED511B124020C2004684F2 /* JRConnectionManager.m */ = {isa = PBXFileReference; fileEncoding = 4; lastKnownFileType = sourcecode.c.objc; path = JRConnectionManager.m; sourceTree = "<group>"; };
		9FED511C124020C2004684F2 /* JREngage.h */ = {isa = PBXFileReference; fileEncoding = 4; lastKnownFileType = sourcecode.c.h; path = JREngage.h; sourceTree = "<group>"; };
		9FED511D124020C2004684F2 /* JREngage.m */ = {isa = PBXFileReference; fileEncoding = 4; lastKnownFileType = sourcecode.c.objc; path = JREngage.m; sourceTree = "<group>"; };
		9FED511E124020C2004684F2 /* JRInfoBar.h */ = {isa = PBXFileReference; fileEncoding = 4; lastKnownFileType = sourcecode.c.h; path = JRInfoBar.h; sourceTree = "<group>"; };
		9FED511F124020C2004684F2 /* JRInfoBar.m */ = {isa = PBXFileReference; fileEncoding = 4; lastKnownFileType = sourcecode.c.objc; path = JRInfoBar.m; sourceTree = "<group>"; };
		9FED5122124020C2004684F2 /* JRProvidersController.h */ = {isa = PBXFileReference; fileEncoding = 4; lastKnownFileType = sourcecode.c.h; path = JRProvidersController.h; sourceTree = "<group>"; };
		9FED5123124020C2004684F2 /* JRProvidersController.m */ = {isa = PBXFileReference; fileEncoding = 4; lastKnownFileType = sourcecode.c.objc; path = JRProvidersController.m; sourceTree = "<group>"; };
		9FED5124124020C2004684F2 /* JRPublishActivityController.h */ = {isa = PBXFileReference; fileEncoding = 4; lastKnownFileType = sourcecode.c.h; path = JRPublishActivityController.h; sourceTree = "<group>"; };
		9FED5125124020C2004684F2 /* JRPublishActivityController.m */ = {isa = PBXFileReference; fileEncoding = 4; lastKnownFileType = sourcecode.c.objc; path = JRPublishActivityController.m; sourceTree = "<group>"; };
		9FED5126124020C2004684F2 /* JRSessionData.h */ = {isa = PBXFileReference; fileEncoding = 4; lastKnownFileType = sourcecode.c.h; path = JRSessionData.h; sourceTree = "<group>"; };
		9FED5127124020C2004684F2 /* JRSessionData.m */ = {isa = PBXFileReference; fileEncoding = 4; lastKnownFileType = sourcecode.c.objc; path = JRSessionData.m; sourceTree = "<group>"; };
		9FED5128124020C2004684F2 /* JRUserInterfaceMaestro.h */ = {isa = PBXFileReference; fileEncoding = 4; lastKnownFileType = sourcecode.c.h; path = JRUserInterfaceMaestro.h; sourceTree = "<group>"; };
		9FED5129124020C2004684F2 /* JRUserInterfaceMaestro.m */ = {isa = PBXFileReference; fileEncoding = 4; lastKnownFileType = sourcecode.c.objc; path = JRUserInterfaceMaestro.m; sourceTree = "<group>"; };
		9FED512A124020C2004684F2 /* JRUserLandingController.h */ = {isa = PBXFileReference; fileEncoding = 4; lastKnownFileType = sourcecode.c.h; path = JRUserLandingController.h; sourceTree = "<group>"; };
		9FED512B124020C2004684F2 /* JRUserLandingController.m */ = {isa = PBXFileReference; fileEncoding = 4; lastKnownFileType = sourcecode.c.objc; path = JRUserLandingController.m; sourceTree = "<group>"; };
		9FED512C124020C2004684F2 /* JRWebViewController.h */ = {isa = PBXFileReference; fileEncoding = 4; lastKnownFileType = sourcecode.c.h; path = JRWebViewController.h; sourceTree = "<group>"; };
		9FED512D124020C2004684F2 /* JRWebViewController.m */ = {isa = PBXFileReference; fileEncoding = 4; lastKnownFileType = sourcecode.c.objc; path = JRWebViewController.m; sourceTree = "<group>"; };
		AA747D9E0F9514B9006C5449 /* JREngage_Prefix.pch */ = {isa = PBXFileReference; fileEncoding = 4; lastKnownFileType = sourcecode.c.h; path = JREngage_Prefix.pch; sourceTree = SOURCE_ROOT; };
		AACBBE490F95108600F1A2B1 /* Foundation.framework */ = {isa = PBXFileReference; lastKnownFileType = wrapper.framework; name = Foundation.framework; path = System/Library/Frameworks/Foundation.framework; sourceTree = SDKROOT; };
		D2AAC07E0554694100DB518D /* libJREngage.a */ = {isa = PBXFileReference; explicitFileType = archive.ar; includeInIndex = 0; path = libJREngage.a; sourceTree = BUILT_PRODUCTS_DIR; };
/* End PBXFileReference section */

/* Begin PBXFrameworksBuildPhase section */
		D2AAC07C0554694100DB518D /* Frameworks */ = {
			isa = PBXFrameworksBuildPhase;
			buildActionMask = 2147483647;
			files = (
				AACBBE4A0F95108600F1A2B1 /* Foundation.framework in Frameworks */,
				9F088BDF126684EF008AD40D /* MessageUI.framework in Frameworks */,
			);
			runOnlyForDeploymentPostprocessing = 0;
		};
/* End PBXFrameworksBuildPhase section */

/* Begin PBXGroup section */
		034768DFFF38A50411DB9C8B /* Products */ = {
			isa = PBXGroup;
			children = (
				D2AAC07E0554694100DB518D /* libJREngage.a */,
			);
			name = Products;
			sourceTree = "<group>";
		};
		0867D691FE84028FC02AAC07 /* JREngage */ = {
			isa = PBXGroup;
			children = (
				08FB77AEFE84172EC02AAC07 /* JREngage */,
				32C88DFF0371C24200C91783 /* Other Sources */,
				0867D69AFE84028FC02AAC07 /* Frameworks */,
				034768DFFF38A50411DB9C8B /* Products */,
			);
			name = JREngage;
			sourceTree = "<group>";
		};
		0867D69AFE84028FC02AAC07 /* Frameworks */ = {
			isa = PBXGroup;
			children = (
				9F088BDE126684EF008AD40D /* MessageUI.framework */,
				AACBBE490F95108600F1A2B1 /* Foundation.framework */,
			);
			name = Frameworks;
			sourceTree = "<group>";
		};
		08FB77AEFE84172EC02AAC07 /* JREngage */ = {
			isa = PBXGroup;
			children = (
				9FA5DC4D12FC843D0033A711 /* JSON */,
				9FA5DC7412FC844F0033A711 /* Security */,
				9FED5117124020C2004684F2 /* Classes */,
				9FED53D1124044CD004684F2 /* Resources */,
			);
			name = JREngage;
			sourceTree = "<group>";
		};
		32C88DFF0371C24200C91783 /* Other Sources */ = {
			isa = PBXGroup;
			children = (
				AA747D9E0F9514B9006C5449 /* JREngage_Prefix.pch */,
			);
			name = "Other Sources";
			sourceTree = "<group>";
		};
		9F01A8AF1294512600AD6899 /* xibs */ = {
			isa = PBXGroup;
			children = (
				9F01A8B01294512600AD6899 /* JRProvidersController.xib */,
				9F01A8B11294512600AD6899 /* JRPublishActivityController.xib */,
				9F01A8B21294512600AD6899 /* JRUserLandingController.xib */,
				9F01A8B31294512600AD6899 /* JRWebViewController.xib */,
			);
			name = xibs;
			path = Resources/xibs;
			sourceTree = "<group>";
		};
		9F52236112B06BB80073ABAE /* images */ = {
			isa = PBXGroup;
			children = (
				9F52236212B06BB80073ABAE /* buttons */,
				9F52237512B06BB80073ABAE /* icons */,
				9F52238812B06BB80073ABAE /* icons_bw */,
				9F52239112B06BB80073ABAE /* logos */,
				9F5223A312B06BB80073ABAE /* other */,
			);
			name = images;
			path = Resources/images;
			sourceTree = "<group>";
		};
		9F52236212B06BB80073ABAE /* buttons */ = {
			isa = PBXGroup;
			children = (
				9F52236312B06BB80073ABAE /* button_black_135x40.png */,
				9F52236412B06BB80073ABAE /* button_black_280x40.png */,
				9F52236512B06BB80073ABAE /* button_facebook_135x40.png */,
				9F52236612B06BB80073ABAE /* button_facebook_280x40.png */,
				9F52236712B06BB80073ABAE /* button_google_135x40.png */,
				9F52236812B06BB80073ABAE /* button_google_280x40.png */,
				9F52236912B06BB80073ABAE /* button_iosblue_135x40.png */,
				9F52236A12B06BB80073ABAE /* button_iosblue_280x40.png */,
				9F52236B12B06BB80073ABAE /* button_janrain_135x40.png */,
				9F52236C12B06BB80073ABAE /* button_janrain_280x40.png */,
				9F52236D12B06BB80073ABAE /* button_linkedin_135x40.png */,
				9F52236E12B06BB80073ABAE /* button_linkedin_280x40.png */,
				9F52236F12B06BB80073ABAE /* button_myspace_135x40.png */,
				9F52237012B06BB80073ABAE /* button_myspace_280x40.png */,
				9F52237112B06BB80073ABAE /* button_twitter_135x40.png */,
				9F52237212B06BB80073ABAE /* button_twitter_280x40.png */,
				9F52237312B06BB80073ABAE /* button_yahoo_135x40.png */,
				9F52237412B06BB80073ABAE /* button_yahoo_280x40.png */,
			);
			path = buttons;
			sourceTree = "<group>";
		};
		9F52237512B06BB80073ABAE /* icons */ = {
			isa = PBXGroup;
			children = (
				9F52237612B06BB80073ABAE /* icon_aol_30x30.png */,
				9F52237712B06BB80073ABAE /* icon_blogger_30x30.png */,
				9F52237812B06BB80073ABAE /* icon_facebook_30x30.png */,
				9F52237912B06BB80073ABAE /* icon_flickr_30x30.png */,
				9F52237A12B06BB80073ABAE /* icon_google_30x30.png */,
				9F52237B12B06BB80073ABAE /* icon_hyves_30x30.png */,
				9F52237C12B06BB80073ABAE /* icon_linkedin_30x30.png */,
				9F52237D12B06BB80073ABAE /* icon_live_id_30x30.png */,
				9F52237E12B06BB80073ABAE /* icon_livejournal_30x30.png */,
				9F52237F12B06BB80073ABAE /* icon_myopenid_30x30.png */,
				9F52238012B06BB80073ABAE /* icon_myspace_30x30.png */,
				9F52238112B06BB80073ABAE /* icon_netlog_30x30.png */,
				9F52238212B06BB80073ABAE /* icon_openid_30x30.png */,
				9F52238312B06BB80073ABAE /* icon_paypal_30x30.png */,
				9F52238412B06BB80073ABAE /* icon_twitter_30x30.png */,
				9F52238512B06BB80073ABAE /* icon_verisign_30x30.png */,
				9F52238612B06BB80073ABAE /* icon_wordpress_30x30.png */,
				9F52238712B06BB80073ABAE /* icon_yahoo_30x30.png */,
			);
			path = icons;
			sourceTree = "<group>";
		};
		9F52238812B06BB80073ABAE /* icons_bw */ = {
			isa = PBXGroup;
			children = (
				9F52238912B06BB80073ABAE /* icon_bw_facebook_30x30.png */,
				9F52238A12B06BB80073ABAE /* icon_bw_linkedin_30x30.png */,
				9F52238B12B06BB80073ABAE /* icon_bw_mail_30x30.png */,
				9F52238C12B06BB80073ABAE /* icon_bw_mail_sms_30x30.png */,
				9F52238D12B06BB80073ABAE /* icon_bw_myspace_30x30.png */,
				9F52238E12B06BB80073ABAE /* icon_bw_sms_30x30.png */,
				9F52238F12B06BB80073ABAE /* icon_bw_twitter_30x30.png */,
				9F52239012B06BB80073ABAE /* icon_bw_yahoo_30x30.png */,
			);
			path = icons_bw;
			sourceTree = "<group>";
		};
		9F52239112B06BB80073ABAE /* logos */ = {
			isa = PBXGroup;
			children = (
				9F52239212B06BB80073ABAE /* logo_aol_280x65.png */,
				9F52239312B06BB80073ABAE /* logo_blogger_280x65.png */,
				9F52239412B06BB80073ABAE /* logo_facebook_280x65.png */,
				9F52239512B06BB80073ABAE /* logo_flickr_280x65.png */,
				9F52239612B06BB80073ABAE /* logo_google_280x65.png */,
				9F52239712B06BB80073ABAE /* logo_hyves_280x65.png */,
				9F52239812B06BB80073ABAE /* logo_linkedin_280x65.png */,
				9F52239912B06BB80073ABAE /* logo_live_id_280x65.png */,
				9F52239A12B06BB80073ABAE /* logo_livejournal_280x65.png */,
				9F52239B12B06BB80073ABAE /* logo_myopenid_280x65.png */,
				9F52239C12B06BB80073ABAE /* logo_myspace_280x65.png */,
				9F52239D12B06BB80073ABAE /* logo_netlog_280x65.png */,
				9F52239E12B06BB80073ABAE /* logo_openid_280x65.png */,
				9F52239F12B06BB80073ABAE /* logo_paypal_280x65.png */,
				9F5223A012B06BB80073ABAE /* logo_twitter_280x65.png */,
				9F5223A112B06BB80073ABAE /* logo_verisign_280x65.png */,
				9F5223A212B06BB80073ABAE /* logo_yahoo_280x65.png */,
			);
			path = logos;
			sourceTree = "<group>";
		};
		9F5223A312B06BB80073ABAE /* other */ = {
			isa = PBXGroup;
			children = (
				9F5223A412B06BB80073ABAE /* check_mark.png */,
				9F5223A512B06BB80073ABAE /* media_view_background_bottom.png */,
				9F5223A612B06BB80073ABAE /* media_view_background_top.png */,
				9F5223A712B06BB80073ABAE /* music_note.jpg */,
				9F5223A812B06BB80073ABAE /* profilepic_placeholder.png */,
				9F5223A912B06BB80073ABAE /* triangle_icon.png */,
			);
			path = other;
			sourceTree = "<group>";
		};
		9F5223AA12B06BB80073ABAE /* images-2x */ = {
			isa = PBXGroup;
			children = (
				9F5223AB12B06BB80073ABAE /* buttons */,
				9F5223BE12B06BB80073ABAE /* icons */,
				9F5223D112B06BB80073ABAE /* icons_bw */,
				9F5223DA12B06BB80073ABAE /* logos */,
				9F5223EC12B06BB80073ABAE /* other */,
			);
			name = "images-2x";
			path = "Resources/images-2x";
			sourceTree = "<group>";
		};
		9F5223AB12B06BB80073ABAE /* buttons */ = {
			isa = PBXGroup;
			children = (
				9F5223AC12B06BB80073ABAE /* button_black_135x40@2x.png */,
				9F5223AD12B06BB80073ABAE /* button_black_280x40@2x.png */,
				9F5223AE12B06BB80073ABAE /* button_facebook_135x40@2x.png */,
				9F5223AF12B06BB80073ABAE /* button_facebook_280x40@2x.png */,
				9F5223B012B06BB80073ABAE /* button_google_135x40@2x.png */,
				9F5223B112B06BB80073ABAE /* button_google_280x40@2x.png */,
				9F5223B212B06BB80073ABAE /* button_iosblue_135x40@2x.png */,
				9F5223B312B06BB80073ABAE /* button_iosblue_280x40@2x.png */,
				9F5223B412B06BB80073ABAE /* button_janrain_135x40@2x.png */,
				9F5223B512B06BB80073ABAE /* button_janrain_280x40@2x.png */,
				9F5223B612B06BB80073ABAE /* button_linkedin_135x40@2x.png */,
				9F5223B712B06BB80073ABAE /* button_linkedin_280x40@2x.png */,
				9F5223B812B06BB80073ABAE /* button_myspace_135x40@2x.png */,
				9F5223B912B06BB80073ABAE /* button_myspace_280x40@2x.png */,
				9F5223BA12B06BB80073ABAE /* button_twitter_135x40@2x.png */,
				9F5223BB12B06BB80073ABAE /* button_twitter_280x40@2x.png */,
				9F5223BC12B06BB80073ABAE /* button_yahoo_135x40@2x.png */,
				9F5223BD12B06BB80073ABAE /* button_yahoo_280x40@2x.png */,
			);
			path = buttons;
			sourceTree = "<group>";
		};
		9F5223BE12B06BB80073ABAE /* icons */ = {
			isa = PBXGroup;
			children = (
				9F5223BF12B06BB80073ABAE /* icon_aol_30x30@2x.png */,
				9F5223C012B06BB80073ABAE /* icon_blogger_30x30@2x.png */,
				9F5223C112B06BB80073ABAE /* icon_facebook_30x30@2x.png */,
				9F5223C212B06BB80073ABAE /* icon_flickr_30x30@2x.png */,
				9F5223C312B06BB80073ABAE /* icon_google_30x30@2x.png */,
				9F5223C412B06BB80073ABAE /* icon_hyves_30x30@2x.png */,
				9F5223C512B06BB80073ABAE /* icon_linkedin_30x30@2x.png */,
				9F5223C612B06BB80073ABAE /* icon_live_id_30x30@2x.png */,
				9F5223C712B06BB80073ABAE /* icon_livejournal_30x30@2x.png */,
				9F5223C812B06BB80073ABAE /* icon_myopenid_30x30@2x.png */,
				9F5223C912B06BB80073ABAE /* icon_myspace_30x30@2x.png */,
				9F5223CA12B06BB80073ABAE /* icon_netlog_30x30@2x.png */,
				9F5223CB12B06BB80073ABAE /* icon_openid_30x30@2x.png */,
				9F5223CC12B06BB80073ABAE /* icon_paypal_30x30@2x.png */,
				9F5223CD12B06BB80073ABAE /* icon_twitter_30x30@2x.png */,
				9F5223CE12B06BB80073ABAE /* icon_verisign_30x30@2x.png */,
				9F5223CF12B06BB80073ABAE /* icon_wordpress_30x30@2x.png */,
				9F5223D012B06BB80073ABAE /* icon_yahoo_30x30@2x.png */,
			);
			path = icons;
			sourceTree = "<group>";
		};
		9F5223D112B06BB80073ABAE /* icons_bw */ = {
			isa = PBXGroup;
			children = (
				9F5223D212B06BB80073ABAE /* icon_bw_facebook_30x30@2x.png */,
				9F5223D312B06BB80073ABAE /* icon_bw_linkedin_30x30@2x.png */,
				9F5223D412B06BB80073ABAE /* icon_bw_mail_30x30@2x.png */,
				9F5223D512B06BB80073ABAE /* icon_bw_mail_sms_30x30@2x.png */,
				9F5223D612B06BB80073ABAE /* icon_bw_myspace_30x30@2x.png */,
				9F5223D712B06BB80073ABAE /* icon_bw_sms_30x30@2x.png */,
				9F5223D812B06BB80073ABAE /* icon_bw_twitter_30x30@2x.png */,
				9F5223D912B06BB80073ABAE /* icon_bw_yahoo_30x30@2x.png */,
			);
			path = icons_bw;
			sourceTree = "<group>";
		};
		9F5223DA12B06BB80073ABAE /* logos */ = {
			isa = PBXGroup;
			children = (
				9F5223DB12B06BB80073ABAE /* logo_aol_280x65@2x.png */,
				9F5223DC12B06BB80073ABAE /* logo_blogger_280x65@2x.png */,
				9F5223DD12B06BB80073ABAE /* logo_facebook_280x65@2x.png */,
				9F5223DE12B06BB80073ABAE /* logo_flickr_280x65@2x.png */,
				9F5223DF12B06BB80073ABAE /* logo_google_280x65@2x.png */,
				9F5223E012B06BB80073ABAE /* logo_hyves_280x65@2x.png */,
				9F5223E112B06BB80073ABAE /* logo_linkedin_280x65@2x.png */,
				9F5223E212B06BB80073ABAE /* logo_live_id_280x65@2x.png */,
				9F5223E312B06BB80073ABAE /* logo_livejournal_280x65@2x.png */,
				9F5223E412B06BB80073ABAE /* logo_myopenid_280x65@2x.png */,
				9F5223E512B06BB80073ABAE /* logo_myspace_280x65@2x.png */,
				9F5223E612B06BB80073ABAE /* logo_netlog_280x65@2x.png */,
				9F5223E712B06BB80073ABAE /* logo_openid_280x65@2x.png */,
				9F5223E812B06BB80073ABAE /* logo_paypal_280x65@2x.png */,
				9F5223E912B06BB80073ABAE /* logo_twitter_280x65@2x.png */,
				9F5223EA12B06BB80073ABAE /* logo_verisign_280x65@2x.png */,
				9F5223EB12B06BB80073ABAE /* logo_yahoo_280x65@2x.png */,
			);
			path = logos;
			sourceTree = "<group>";
		};
		9F5223EC12B06BB80073ABAE /* other */ = {
			isa = PBXGroup;
			children = (
				9F5223ED12B06BB80073ABAE /* check_mark@2x.png */,
				9F5223EE12B06BB80073ABAE /* media_view_background_bottom@2x.png */,
				9F5223EF12B06BB80073ABAE /* media_view_background_top@2x.png */,
				9F5223F012B06BB80073ABAE /* music_note@2x.jpg */,
				9F5223F112B06BB80073ABAE /* profilepic_placeholder@2x.png */,
				9F5223F212B06BB80073ABAE /* triangle_icon@2x.png */,
			);
			path = other;
			sourceTree = "<group>";
		};
		9FA5DC4D12FC843D0033A711 /* JSON */ = {
			isa = PBXGroup;
			children = (
				9FA5DC4E12FC843D0033A711 /* JSON.h */,
				9FA5DC4F12FC843D0033A711 /* NSObject+JSON.h */,
				9FA5DC5012FC843D0033A711 /* NSObject+JSON.m */,
				9FA5DC5112FC843D0033A711 /* SBJsonParser.h */,
				9FA5DC5212FC843D0033A711 /* SBJsonParser.m */,
				9FA5DC5312FC843D0033A711 /* SBJsonStreamParser.h */,
				9FA5DC5412FC843D0033A711 /* SBJsonStreamParser.m */,
				9FA5DC5512FC843D0033A711 /* SBJsonStreamParserAdapter.h */,
				9FA5DC5612FC843D0033A711 /* SBJsonStreamParserAdapter.m */,
				9FA5DC5712FC843D0033A711 /* SBJsonStreamParserState.h */,
				9FA5DC5812FC843D0033A711 /* SBJsonStreamParserState.m */,
				9FA5DC5912FC843D0033A711 /* SBJsonStreamWriter.h */,
				9FA5DC5A12FC843D0033A711 /* SBJsonStreamWriter.m */,
				9FA5DC5B12FC843D0033A711 /* SBJsonStreamWriterState.h */,
				9FA5DC5C12FC843D0033A711 /* SBJsonStreamWriterState.m */,
				9FA5DC5D12FC843D0033A711 /* SBJsonTokeniser.h */,
				9FA5DC5E12FC843D0033A711 /* SBJsonTokeniser.m */,
				9FA5DC5F12FC843D0033A711 /* SBJsonWriter.h */,
				9FA5DC6012FC843D0033A711 /* SBJsonWriter.m */,
			);
			path = JSON;
			sourceTree = "<group>";
		};
		9FA5DC7412FC844F0033A711 /* Security */ = {
			isa = PBXGroup;
			children = (
				9FA5DC7512FC844F0033A711 /* SFHFKeychainUtils.h */,
				9FA5DC7612FC844F0033A711 /* SFHFKeychainUtils.m */,
			);
			path = Security;
			sourceTree = "<group>";
		};
		9FED5117124020C2004684F2 /* Classes */ = {
			isa = PBXGroup;
			children = (
				9FED511C124020C2004684F2 /* JREngage.h */,
				9FED511D124020C2004684F2 /* JREngage.m */,
				9F96D60D12EA0462002D06B4 /* JREngage+CustomInterface.h */,
				9F96D60E12EA0462002D06B4 /* JREngage+CustomInterface.m */,
				9FED5118124020C2004684F2 /* JRActivityObject.h */,
				9FED5119124020C2004684F2 /* JRActivityObject.m */,
				9FED5126124020C2004684F2 /* JRSessionData.h */,
				9FED5127124020C2004684F2 /* JRSessionData.m */,
				9FED511A124020C2004684F2 /* JRConnectionManager.h */,
				9FED511B124020C2004684F2 /* JRConnectionManager.m */,
				9FED5128124020C2004684F2 /* JRUserInterfaceMaestro.h */,
				9FED5129124020C2004684F2 /* JRUserInterfaceMaestro.m */,
				9FED5122124020C2004684F2 /* JRProvidersController.h */,
				9FED5123124020C2004684F2 /* JRProvidersController.m */,
				9FED5124124020C2004684F2 /* JRPublishActivityController.h */,
				9FED5125124020C2004684F2 /* JRPublishActivityController.m */,
				9FED512A124020C2004684F2 /* JRUserLandingController.h */,
				9FED512B124020C2004684F2 /* JRUserLandingController.m */,
				9FED512C124020C2004684F2 /* JRWebViewController.h */,
				9FED512D124020C2004684F2 /* JRWebViewController.m */,
				9FED511E124020C2004684F2 /* JRInfoBar.h */,
				9FED511F124020C2004684F2 /* JRInfoBar.m */,
				9F608B38143F7E98002F4439 /* JRPreviewLabel.h */,
				9F608B39143F7E98002F4439 /* JRPreviewLabel.m */,
			);
			name = Classes;
			path = classes;
			sourceTree = "<group>";
		};
		9FED53D1124044CD004684F2 /* Resources */ = {
			isa = PBXGroup;
			children = (
				9F52236112B06BB80073ABAE /* images */,
				9F5223AA12B06BB80073ABAE /* images-2x */,
				9F01A8AF1294512600AD6899 /* xibs */,
				9F0880B8125BFB07008AD40D /* JREngage-Info.plist */,
			);
			name = Resources;
			sourceTree = "<group>";
		};
/* End PBXGroup section */

/* Begin PBXHeadersBuildPhase section */
		D2AAC07A0554694100DB518D /* Headers */ = {
			isa = PBXHeadersBuildPhase;
			buildActionMask = 2147483647;
			files = (
				AA747D9F0F9514B9006C5449 /* JREngage_Prefix.pch in Headers */,
				9FED512E124020C2004684F2 /* JRActivityObject.h in Headers */,
				9FED5130124020C2004684F2 /* JRConnectionManager.h in Headers */,
				9FED5132124020C2004684F2 /* JREngage.h in Headers */,
				9FED5134124020C2004684F2 /* JRInfoBar.h in Headers */,
				9FED5138124020C2004684F2 /* JRProvidersController.h in Headers */,
				9FED513A124020C2004684F2 /* JRPublishActivityController.h in Headers */,
				9FED513C124020C2004684F2 /* JRSessionData.h in Headers */,
				9FED513E124020C2004684F2 /* JRUserInterfaceMaestro.h in Headers */,
				9FED5140124020C2004684F2 /* JRUserLandingController.h in Headers */,
				9FED5142124020C2004684F2 /* JRWebViewController.h in Headers */,
				9F96D60F12EA0462002D06B4 /* JREngage+CustomInterface.h in Headers */,
				9FA5DC6112FC843D0033A711 /* JSON.h in Headers */,
				9FA5DC6212FC843D0033A711 /* NSObject+JSON.h in Headers */,
				9FA5DC6412FC843D0033A711 /* SBJsonParser.h in Headers */,
				9FA5DC6612FC843D0033A711 /* SBJsonStreamParser.h in Headers */,
				9FA5DC6812FC843D0033A711 /* SBJsonStreamParserAdapter.h in Headers */,
				9FA5DC6A12FC843D0033A711 /* SBJsonStreamParserState.h in Headers */,
				9FA5DC6C12FC843D0033A711 /* SBJsonStreamWriter.h in Headers */,
				9FA5DC6E12FC843D0033A711 /* SBJsonStreamWriterState.h in Headers */,
				9FA5DC7012FC843D0033A711 /* SBJsonTokeniser.h in Headers */,
				9FA5DC7212FC843D0033A711 /* SBJsonWriter.h in Headers */,
				9FA5DC7712FC844F0033A711 /* SFHFKeychainUtils.h in Headers */,
				9F608B3A143F7E98002F4439 /* JRPreviewLabel.h in Headers */,
			);
			runOnlyForDeploymentPostprocessing = 0;
		};
/* End PBXHeadersBuildPhase section */

/* Begin PBXNativeTarget section */
		D2AAC07D0554694100DB518D /* JREngage */ = {
			isa = PBXNativeTarget;
			buildConfigurationList = 1DEB921E08733DC00010E9CD /* Build configuration list for PBXNativeTarget "JREngage" */;
			buildPhases = (
				D2AAC07A0554694100DB518D /* Headers */,
				D2AAC07B0554694100DB518D /* Sources */,
				D2AAC07C0554694100DB518D /* Frameworks */,
			);
			buildRules = (
			);
			dependencies = (
			);
			name = JREngage;
			productName = JREngage;
			productReference = D2AAC07E0554694100DB518D /* libJREngage.a */;
			productType = "com.apple.product-type.library.static";
		};
/* End PBXNativeTarget section */

/* Begin PBXProject section */
		0867D690FE84028FC02AAC07 /* Project object */ = {
			isa = PBXProject;
			buildConfigurationList = 1DEB922208733DC00010E9CD /* Build configuration list for PBXProject "JREngage" */;
			compatibilityVersion = "Xcode 3.1";
			developmentRegion = English;
			hasScannedForEncodings = 1;
			knownRegions = (
				English,
				Japanese,
				French,
				German,
			);
			mainGroup = 0867D691FE84028FC02AAC07 /* JREngage */;
			productRefGroup = 034768DFFF38A50411DB9C8B /* Products */;
			projectDirPath = "";
			projectRoot = "";
			targets = (
				D2AAC07D0554694100DB518D /* JREngage */,
			);
		};
/* End PBXProject section */

/* Begin PBXSourcesBuildPhase section */
		D2AAC07B0554694100DB518D /* Sources */ = {
			isa = PBXSourcesBuildPhase;
			buildActionMask = 2147483647;
			files = (
				9FED512F124020C2004684F2 /* JRActivityObject.m in Sources */,
				9FED5131124020C2004684F2 /* JRConnectionManager.m in Sources */,
				9FED5133124020C2004684F2 /* JREngage.m in Sources */,
				9FED5135124020C2004684F2 /* JRInfoBar.m in Sources */,
				9FED5139124020C2004684F2 /* JRProvidersController.m in Sources */,
				9FED513B124020C2004684F2 /* JRPublishActivityController.m in Sources */,
				9FED513D124020C2004684F2 /* JRSessionData.m in Sources */,
				9FED513F124020C2004684F2 /* JRUserInterfaceMaestro.m in Sources */,
				9FED5141124020C2004684F2 /* JRUserLandingController.m in Sources */,
				9FED5143124020C2004684F2 /* JRWebViewController.m in Sources */,
				9F96D61012EA0462002D06B4 /* JREngage+CustomInterface.m in Sources */,
				9FA5DC6312FC843D0033A711 /* NSObject+JSON.m in Sources */,
				9FA5DC6512FC843D0033A711 /* SBJsonParser.m in Sources */,
				9FA5DC6712FC843D0033A711 /* SBJsonStreamParser.m in Sources */,
				9FA5DC6912FC843D0033A711 /* SBJsonStreamParserAdapter.m in Sources */,
				9FA5DC6B12FC843D0033A711 /* SBJsonStreamParserState.m in Sources */,
				9FA5DC6D12FC843D0033A711 /* SBJsonStreamWriter.m in Sources */,
				9FA5DC6F12FC843D0033A711 /* SBJsonStreamWriterState.m in Sources */,
				9FA5DC7112FC843D0033A711 /* SBJsonTokeniser.m in Sources */,
				9FA5DC7312FC843D0033A711 /* SBJsonWriter.m in Sources */,
				9FA5DC7812FC844F0033A711 /* SFHFKeychainUtils.m in Sources */,
				9F608B3B143F7E98002F4439 /* JRPreviewLabel.m in Sources */,
			);
			runOnlyForDeploymentPostprocessing = 0;
		};
/* End PBXSourcesBuildPhase section */

/* Begin XCBuildConfiguration section */
		1DEB921F08733DC00010E9CD /* Debug */ = {
			isa = XCBuildConfiguration;
			buildSettings = {
				ALWAYS_SEARCH_USER_PATHS = NO;
				ARCHS = "$(ARCHS_STANDARD_32_BIT)";
				COPY_PHASE_STRIP = NO;
				DSTROOT = /tmp/JREngage.dst;
				GCC_DYNAMIC_NO_PIC = NO;
				GCC_ENABLE_FIX_AND_CONTINUE = YES;
				GCC_MODEL_TUNING = G5;
				GCC_OPTIMIZATION_LEVEL = 0;
				GCC_PRECOMPILE_PREFIX_HEADER = YES;
				GCC_PREFIX_HEADER = JREngage_Prefix.pch;
				INSTALL_PATH = /usr/local/lib;
				PRODUCT_NAME = JREngage;
				SDKROOT = iphoneos;
			};
			name = Debug;
		};
		1DEB922008733DC00010E9CD /* Release */ = {
			isa = XCBuildConfiguration;
			buildSettings = {
				ALWAYS_SEARCH_USER_PATHS = NO;
				ARCHS = "$(ARCHS_STANDARD_32_BIT)";
				DSTROOT = /tmp/JREngage.dst;
				GCC_MODEL_TUNING = G5;
				GCC_PRECOMPILE_PREFIX_HEADER = YES;
				GCC_PREFIX_HEADER = JREngage_Prefix.pch;
				INSTALL_PATH = /usr/local/lib;
				PRODUCT_NAME = JREngage;
				SDKROOT = iphoneos;
			};
			name = Release;
		};
		1DEB922308733DC00010E9CD /* Debug */ = {
			isa = XCBuildConfiguration;
			buildSettings = {
				ARCHS = "$(ARCHS_STANDARD_32_BIT)";
				GCC_C_LANGUAGE_STANDARD = c99;
				GCC_OPTIMIZATION_LEVEL = 0;
				GCC_WARN_ABOUT_RETURN_TYPE = YES;
				GCC_WARN_UNUSED_VARIABLE = YES;
				OTHER_LDFLAGS = "-ObjC";
				PREBINDING = NO;
				SDKROOT = iphoneos4.0;
			};
			name = Debug;
		};
		1DEB922408733DC00010E9CD /* Release */ = {
			isa = XCBuildConfiguration;
			buildSettings = {
				ARCHS = "$(ARCHS_STANDARD_32_BIT)";
				GCC_C_LANGUAGE_STANDARD = c99;
				GCC_WARN_ABOUT_RETURN_TYPE = YES;
				GCC_WARN_UNUSED_VARIABLE = YES;
				OTHER_LDFLAGS = "-ObjC";
				PREBINDING = NO;
				SDKROOT = iphoneos4.0;
			};
			name = Release;
		};
/* End XCBuildConfiguration section */

/* Begin XCConfigurationList section */
		1DEB921E08733DC00010E9CD /* Build configuration list for PBXNativeTarget "JREngage" */ = {
			isa = XCConfigurationList;
			buildConfigurations = (
				1DEB921F08733DC00010E9CD /* Debug */,
				1DEB922008733DC00010E9CD /* Release */,
			);
			defaultConfigurationIsVisible = 0;
			defaultConfigurationName = Release;
		};
		1DEB922208733DC00010E9CD /* Build configuration list for PBXProject "JREngage" */ = {
			isa = XCConfigurationList;
			buildConfigurations = (
				1DEB922308733DC00010E9CD /* Debug */,
				1DEB922408733DC00010E9CD /* Release */,
			);
			defaultConfigurationIsVisible = 0;
			defaultConfigurationName = Release;
		};
/* End XCConfigurationList section */
	};
	rootObject = 0867D690FE84028FC02AAC07 /* Project object */;
}
