// !$*UTF8*$!
{
	archiveVersion = 1;
	classes = {
	};
	objectVersion = 45;
	objects = {

/* Begin PBXBuildFile section */
		1D60589B0D05DD56006BFB54 /* main.m in Sources */ = {isa = PBXBuildFile; fileRef = 29B97316FDCFA39411CA2CEA /* main.m */; };
		1D60589F0D05DD5A006BFB54 /* Foundation.framework in Frameworks */ = {isa = PBXBuildFile; fileRef = 1D30AB110D05D00D00671497 /* Foundation.framework */; };
		1DF5F4E00D08C38300B7A737 /* UIKit.framework in Frameworks */ = {isa = PBXBuildFile; fileRef = 1DF5F4DF0D08C38300B7A737 /* UIKit.framework */; };
		288765A50DF7441C002DB57D /* CoreGraphics.framework in Frameworks */ = {isa = PBXBuildFile; fileRef = 288765A40DF7441C002DB57D /* CoreGraphics.framework */; };
		9F5908D1116F9316006955EF /* Entitlements.plist in Resources */ = {isa = PBXBuildFile; fileRef = 9F5908D0116F9316006955EF /* Entitlements.plist */; };
		9F63D9171251143C00A21A59 /* JREngage.bundle in Resources */ = {isa = PBXBuildFile; fileRef = 9F63D8ED1251143B00A21A59 /* JREngage.bundle */; };
		9F63D9181251143C00A21A59 /* NSObject+SBJSON.m in Sources */ = {isa = PBXBuildFile; fileRef = 9F63D8F11251143B00A21A59 /* NSObject+SBJSON.m */; };
		9F63D9191251143C00A21A59 /* NSString+SBJSON.m in Sources */ = {isa = PBXBuildFile; fileRef = 9F63D8F31251143B00A21A59 /* NSString+SBJSON.m */; };
		9F63D91A1251143C00A21A59 /* SBJsonBase.m in Sources */ = {isa = PBXBuildFile; fileRef = 9F63D8F51251143B00A21A59 /* SBJsonBase.m */; };
		9F63D91B1251143C00A21A59 /* SBJsonParser.m in Sources */ = {isa = PBXBuildFile; fileRef = 9F63D8F71251143B00A21A59 /* SBJsonParser.m */; };
		9F63D91C1251143C00A21A59 /* SBJsonWriter.m in Sources */ = {isa = PBXBuildFile; fileRef = 9F63D8F91251143B00A21A59 /* SBJsonWriter.m */; };
		9F63D91D1251143C00A21A59 /* JRConnectionManager.m in Sources */ = {isa = PBXBuildFile; fileRef = 9F63D8FC1251143B00A21A59 /* JRConnectionManager.m */; };
		9F63D91E1251143C00A21A59 /* JREngage.m in Sources */ = {isa = PBXBuildFile; fileRef = 9F63D8FE1251143B00A21A59 /* JREngage.m */; };
		9F63D91F1251143C00A21A59 /* JRSessionData.m in Sources */ = {isa = PBXBuildFile; fileRef = 9F63D9001251143C00A21A59 /* JRSessionData.m */; };
		9F63D9201251143C00A21A59 /* JRActivityObject.m in Sources */ = {isa = PBXBuildFile; fileRef = 9F63D9021251143C00A21A59 /* JRActivityObject.m */; };
		9F63D9211251143C00A21A59 /* JRUserInterfaceMaestro.m in Sources */ = {isa = PBXBuildFile; fileRef = 9F63D9041251143C00A21A59 /* JRUserInterfaceMaestro.m */; };
		9F63D9221251143C00A21A59 /* JRModalNavigationController.m in Sources */ = {isa = PBXBuildFile; fileRef = 9F63D9061251143C00A21A59 /* JRModalNavigationController.m */; };
		9F63D9231251143C00A21A59 /* JRProvidersController.m in Sources */ = {isa = PBXBuildFile; fileRef = 9F63D9081251143C00A21A59 /* JRProvidersController.m */; };
		9F63D9241251143C00A21A59 /* JRPublishActivityController.m in Sources */ = {isa = PBXBuildFile; fileRef = 9F63D90A1251143C00A21A59 /* JRPublishActivityController.m */; };
		9F63D9251251143C00A21A59 /* JRUserLandingController.m in Sources */ = {isa = PBXBuildFile; fileRef = 9F63D90C1251143C00A21A59 /* JRUserLandingController.m */; };
		9F63D9261251143C00A21A59 /* JRWebViewController.m in Sources */ = {isa = PBXBuildFile; fileRef = 9F63D90E1251143C00A21A59 /* JRWebViewController.m */; };
		9F63D9271251143C00A21A59 /* JRInfoBar.m in Sources */ = {isa = PBXBuildFile; fileRef = 9F63D9101251143C00A21A59 /* JRInfoBar.m */; };
		9F63D9281251143C00A21A59 /* JRProvidersController.xib in Resources */ = {isa = PBXBuildFile; fileRef = 9F63D9121251143C00A21A59 /* JRProvidersController.xib */; };
		9F63D9291251143C00A21A59 /* JRPublishActivityController.xib in Resources */ = {isa = PBXBuildFile; fileRef = 9F63D9131251143C00A21A59 /* JRPublishActivityController.xib */; };
		9F63D92A1251143C00A21A59 /* JRUserLandingController.xib in Resources */ = {isa = PBXBuildFile; fileRef = 9F63D9141251143C00A21A59 /* JRUserLandingController.xib */; };
		9F63D92B1251143C00A21A59 /* JRWebViewController.xib in Resources */ = {isa = PBXBuildFile; fileRef = 9F63D9151251143C00A21A59 /* JRWebViewController.xib */; };
		9FB40A3212414DC500FDDA7B /* QSIRootViewController.m in Sources */ = {isa = PBXBuildFile; fileRef = 9FB40A2912414DC500FDDA7B /* QSIRootViewController.m */; };
		9FB40A3312414DC500FDDA7B /* QSIUserModel.m in Sources */ = {isa = PBXBuildFile; fileRef = 9FB40A2B12414DC500FDDA7B /* QSIUserModel.m */; };
		9FB40A3412414DC500FDDA7B /* QSIViewControllerLevel1.m in Sources */ = {isa = PBXBuildFile; fileRef = 9FB40A2D12414DC500FDDA7B /* QSIViewControllerLevel1.m */; };
		9FB40A3512414DC500FDDA7B /* QSIViewControllerLevel2.m in Sources */ = {isa = PBXBuildFile; fileRef = 9FB40A2F12414DC500FDDA7B /* QSIViewControllerLevel2.m */; };
		9FB40A3612414DC500FDDA7B /* QuickSignInAppDelegate.m in Sources */ = {isa = PBXBuildFile; fileRef = 9FB40A3112414DC500FDDA7B /* QuickSignInAppDelegate.m */; };
		9FB40A4312414DEE00FDDA7B /* Default.png in Resources */ = {isa = PBXBuildFile; fileRef = 9FB40A3912414DEE00FDDA7B /* Default.png */; };
		9FB40A4412414DEE00FDDA7B /* icon.png in Resources */ = {isa = PBXBuildFile; fileRef = 9FB40A3A12414DEE00FDDA7B /* icon.png */; };
		9FB40A4512414DEE00FDDA7B /* icon_big.png in Resources */ = {isa = PBXBuildFile; fileRef = 9FB40A3B12414DEE00FDDA7B /* icon_big.png */; };
		9FB40A4612414DEE00FDDA7B /* icon_ipad.png in Resources */ = {isa = PBXBuildFile; fileRef = 9FB40A3C12414DEE00FDDA7B /* icon_ipad.png */; };
		9FB40A4712414DEE00FDDA7B /* janrain_logo.png in Resources */ = {isa = PBXBuildFile; fileRef = 9FB40A3D12414DEE00FDDA7B /* janrain_logo.png */; };
		9FB40A4812414DEE00FDDA7B /* MainWindow.xib in Resources */ = {isa = PBXBuildFile; fileRef = 9FB40A3F12414DEE00FDDA7B /* MainWindow.xib */; };
		9FB40A4912414DEE00FDDA7B /* QSIRootViewController.xib in Resources */ = {isa = PBXBuildFile; fileRef = 9FB40A4012414DEE00FDDA7B /* QSIRootViewController.xib */; };
		9FB40A4A12414DEE00FDDA7B /* QSIViewControllerLevel1.xib in Resources */ = {isa = PBXBuildFile; fileRef = 9FB40A4112414DEE00FDDA7B /* QSIViewControllerLevel1.xib */; };
		9FB40A4B12414DEE00FDDA7B /* QSIViewControllerLevel2.xib in Resources */ = {isa = PBXBuildFile; fileRef = 9FB40A4212414DEE00FDDA7B /* QSIViewControllerLevel2.xib */; };
		9FB40A4D12414DFC00FDDA7B /* Quick_Sign_In-Info.plist in Resources */ = {isa = PBXBuildFile; fileRef = 9FB40A4C12414DFC00FDDA7B /* Quick_Sign_In-Info.plist */; };
/* End PBXBuildFile section */

/* Begin PBXFileReference section */
		1D30AB110D05D00D00671497 /* Foundation.framework */ = {isa = PBXFileReference; lastKnownFileType = wrapper.framework; name = Foundation.framework; path = System/Library/Frameworks/Foundation.framework; sourceTree = SDKROOT; };
		1D6058910D05DD3D006BFB54 /* Quick Sign-In.app */ = {isa = PBXFileReference; explicitFileType = wrapper.application; includeInIndex = 0; path = "Quick Sign-In.app"; sourceTree = BUILT_PRODUCTS_DIR; };
		1DF5F4DF0D08C38300B7A737 /* UIKit.framework */ = {isa = PBXFileReference; lastKnownFileType = wrapper.framework; name = UIKit.framework; path = System/Library/Frameworks/UIKit.framework; sourceTree = SDKROOT; };
		288765A40DF7441C002DB57D /* CoreGraphics.framework */ = {isa = PBXFileReference; lastKnownFileType = wrapper.framework; name = CoreGraphics.framework; path = System/Library/Frameworks/CoreGraphics.framework; sourceTree = SDKROOT; };
		29B97316FDCFA39411CA2CEA /* main.m */ = {isa = PBXFileReference; fileEncoding = 4; lastKnownFileType = sourcecode.c.objc; path = main.m; sourceTree = "<group>"; };
		9F5908D0116F9316006955EF /* Entitlements.plist */ = {isa = PBXFileReference; fileEncoding = 4; lastKnownFileType = text.plist.xml; path = Entitlements.plist; sourceTree = "<group>"; };
		9F63D8ED1251143B00A21A59 /* JREngage.bundle */ = {isa = PBXFileReference; lastKnownFileType = "wrapper.plug-in"; name = JREngage.bundle; path = ../JREngage/JREngage.bundle; sourceTree = SOURCE_ROOT; };
		9F63D8EF1251143B00A21A59 /* JSON.h */ = {isa = PBXFileReference; fileEncoding = 4; lastKnownFileType = sourcecode.c.h; path = JSON.h; sourceTree = "<group>"; };
		9F63D8F01251143B00A21A59 /* NSObject+SBJSON.h */ = {isa = PBXFileReference; fileEncoding = 4; lastKnownFileType = sourcecode.c.h; path = "NSObject+SBJSON.h"; sourceTree = "<group>"; };
		9F63D8F11251143B00A21A59 /* NSObject+SBJSON.m */ = {isa = PBXFileReference; fileEncoding = 4; lastKnownFileType = sourcecode.c.objc; path = "NSObject+SBJSON.m"; sourceTree = "<group>"; };
		9F63D8F21251143B00A21A59 /* NSString+SBJSON.h */ = {isa = PBXFileReference; fileEncoding = 4; lastKnownFileType = sourcecode.c.h; path = "NSString+SBJSON.h"; sourceTree = "<group>"; };
		9F63D8F31251143B00A21A59 /* NSString+SBJSON.m */ = {isa = PBXFileReference; fileEncoding = 4; lastKnownFileType = sourcecode.c.objc; path = "NSString+SBJSON.m"; sourceTree = "<group>"; };
		9F63D8F41251143B00A21A59 /* SBJsonBase.h */ = {isa = PBXFileReference; fileEncoding = 4; lastKnownFileType = sourcecode.c.h; path = SBJsonBase.h; sourceTree = "<group>"; };
		9F63D8F51251143B00A21A59 /* SBJsonBase.m */ = {isa = PBXFileReference; fileEncoding = 4; lastKnownFileType = sourcecode.c.objc; path = SBJsonBase.m; sourceTree = "<group>"; };
		9F63D8F61251143B00A21A59 /* SBJsonParser.h */ = {isa = PBXFileReference; fileEncoding = 4; lastKnownFileType = sourcecode.c.h; path = SBJsonParser.h; sourceTree = "<group>"; };
		9F63D8F71251143B00A21A59 /* SBJsonParser.m */ = {isa = PBXFileReference; fileEncoding = 4; lastKnownFileType = sourcecode.c.objc; path = SBJsonParser.m; sourceTree = "<group>"; };
		9F63D8F81251143B00A21A59 /* SBJsonWriter.h */ = {isa = PBXFileReference; fileEncoding = 4; lastKnownFileType = sourcecode.c.h; path = SBJsonWriter.h; sourceTree = "<group>"; };
		9F63D8F91251143B00A21A59 /* SBJsonWriter.m */ = {isa = PBXFileReference; fileEncoding = 4; lastKnownFileType = sourcecode.c.objc; path = SBJsonWriter.m; sourceTree = "<group>"; };
		9F63D8FB1251143B00A21A59 /* JRConnectionManager.h */ = {isa = PBXFileReference; fileEncoding = 4; lastKnownFileType = sourcecode.c.h; path = JRConnectionManager.h; sourceTree = "<group>"; };
		9F63D8FC1251143B00A21A59 /* JRConnectionManager.m */ = {isa = PBXFileReference; fileEncoding = 4; lastKnownFileType = sourcecode.c.objc; path = JRConnectionManager.m; sourceTree = "<group>"; };
		9F63D8FD1251143B00A21A59 /* JREngage.h */ = {isa = PBXFileReference; fileEncoding = 4; lastKnownFileType = sourcecode.c.h; path = JREngage.h; sourceTree = "<group>"; };
		9F63D8FE1251143B00A21A59 /* JREngage.m */ = {isa = PBXFileReference; fileEncoding = 4; lastKnownFileType = sourcecode.c.objc; path = JREngage.m; sourceTree = "<group>"; };
		9F63D8FF1251143C00A21A59 /* JRSessionData.h */ = {isa = PBXFileReference; fileEncoding = 4; lastKnownFileType = sourcecode.c.h; path = JRSessionData.h; sourceTree = "<group>"; };
		9F63D9001251143C00A21A59 /* JRSessionData.m */ = {isa = PBXFileReference; fileEncoding = 4; lastKnownFileType = sourcecode.c.objc; path = JRSessionData.m; sourceTree = "<group>"; };
		9F63D9011251143C00A21A59 /* JRActivityObject.h */ = {isa = PBXFileReference; fileEncoding = 4; lastKnownFileType = sourcecode.c.h; path = JRActivityObject.h; sourceTree = "<group>"; };
		9F63D9021251143C00A21A59 /* JRActivityObject.m */ = {isa = PBXFileReference; fileEncoding = 4; lastKnownFileType = sourcecode.c.objc; path = JRActivityObject.m; sourceTree = "<group>"; };
		9F63D9031251143C00A21A59 /* JRUserInterfaceMaestro.h */ = {isa = PBXFileReference; fileEncoding = 4; lastKnownFileType = sourcecode.c.h; path = JRUserInterfaceMaestro.h; sourceTree = "<group>"; };
		9F63D9041251143C00A21A59 /* JRUserInterfaceMaestro.m */ = {isa = PBXFileReference; fileEncoding = 4; lastKnownFileType = sourcecode.c.objc; path = JRUserInterfaceMaestro.m; sourceTree = "<group>"; };
		9F63D9051251143C00A21A59 /* JRModalNavigationController.h */ = {isa = PBXFileReference; fileEncoding = 4; lastKnownFileType = sourcecode.c.h; path = JRModalNavigationController.h; sourceTree = "<group>"; };
		9F63D9061251143C00A21A59 /* JRModalNavigationController.m */ = {isa = PBXFileReference; fileEncoding = 4; lastKnownFileType = sourcecode.c.objc; path = JRModalNavigationController.m; sourceTree = "<group>"; };
		9F63D9071251143C00A21A59 /* JRProvidersController.h */ = {isa = PBXFileReference; fileEncoding = 4; lastKnownFileType = sourcecode.c.h; path = JRProvidersController.h; sourceTree = "<group>"; };
		9F63D9081251143C00A21A59 /* JRProvidersController.m */ = {isa = PBXFileReference; fileEncoding = 4; lastKnownFileType = sourcecode.c.objc; path = JRProvidersController.m; sourceTree = "<group>"; };
		9F63D9091251143C00A21A59 /* JRPublishActivityController.h */ = {isa = PBXFileReference; fileEncoding = 4; lastKnownFileType = sourcecode.c.h; path = JRPublishActivityController.h; sourceTree = "<group>"; };
		9F63D90A1251143C00A21A59 /* JRPublishActivityController.m */ = {isa = PBXFileReference; fileEncoding = 4; lastKnownFileType = sourcecode.c.objc; path = JRPublishActivityController.m; sourceTree = "<group>"; };
		9F63D90B1251143C00A21A59 /* JRUserLandingController.h */ = {isa = PBXFileReference; fileEncoding = 4; lastKnownFileType = sourcecode.c.h; path = JRUserLandingController.h; sourceTree = "<group>"; };
		9F63D90C1251143C00A21A59 /* JRUserLandingController.m */ = {isa = PBXFileReference; fileEncoding = 4; lastKnownFileType = sourcecode.c.objc; path = JRUserLandingController.m; sourceTree = "<group>"; };
		9F63D90D1251143C00A21A59 /* JRWebViewController.h */ = {isa = PBXFileReference; fileEncoding = 4; lastKnownFileType = sourcecode.c.h; path = JRWebViewController.h; sourceTree = "<group>"; };
		9F63D90E1251143C00A21A59 /* JRWebViewController.m */ = {isa = PBXFileReference; fileEncoding = 4; lastKnownFileType = sourcecode.c.objc; path = JRWebViewController.m; sourceTree = "<group>"; };
		9F63D90F1251143C00A21A59 /* JRInfoBar.h */ = {isa = PBXFileReference; fileEncoding = 4; lastKnownFileType = sourcecode.c.h; path = JRInfoBar.h; sourceTree = "<group>"; };
		9F63D9101251143C00A21A59 /* JRInfoBar.m */ = {isa = PBXFileReference; fileEncoding = 4; lastKnownFileType = sourcecode.c.objc; path = JRInfoBar.m; sourceTree = "<group>"; };
		9F63D9121251143C00A21A59 /* JRProvidersController.xib */ = {isa = PBXFileReference; lastKnownFileType = file.xib; name = JRProvidersController.xib; path = ../JREngage/Resources/JRProvidersController.xib; sourceTree = SOURCE_ROOT; };
		9F63D9131251143C00A21A59 /* JRPublishActivityController.xib */ = {isa = PBXFileReference; lastKnownFileType = file.xib; name = JRPublishActivityController.xib; path = ../JREngage/Resources/JRPublishActivityController.xib; sourceTree = SOURCE_ROOT; };
		9F63D9141251143C00A21A59 /* JRUserLandingController.xib */ = {isa = PBXFileReference; lastKnownFileType = file.xib; name = JRUserLandingController.xib; path = ../JREngage/Resources/JRUserLandingController.xib; sourceTree = SOURCE_ROOT; };
		9F63D9151251143C00A21A59 /* JRWebViewController.xib */ = {isa = PBXFileReference; lastKnownFileType = file.xib; name = JRWebViewController.xib; path = ../JREngage/Resources/JRWebViewController.xib; sourceTree = SOURCE_ROOT; };
		9FB40A2812414DC500FDDA7B /* QSIRootViewController.h */ = {isa = PBXFileReference; fileEncoding = 4; lastKnownFileType = sourcecode.c.h; path = QSIRootViewController.h; sourceTree = "<group>"; };
		9FB40A2912414DC500FDDA7B /* QSIRootViewController.m */ = {isa = PBXFileReference; fileEncoding = 4; lastKnownFileType = sourcecode.c.objc; path = QSIRootViewController.m; sourceTree = "<group>"; };
		9FB40A2A12414DC500FDDA7B /* QSIUserModel.h */ = {isa = PBXFileReference; fileEncoding = 4; lastKnownFileType = sourcecode.c.h; path = QSIUserModel.h; sourceTree = "<group>"; };
		9FB40A2B12414DC500FDDA7B /* QSIUserModel.m */ = {isa = PBXFileReference; fileEncoding = 4; lastKnownFileType = sourcecode.c.objc; path = QSIUserModel.m; sourceTree = "<group>"; };
		9FB40A2C12414DC500FDDA7B /* QSIViewControllerLevel1.h */ = {isa = PBXFileReference; fileEncoding = 4; lastKnownFileType = sourcecode.c.h; path = QSIViewControllerLevel1.h; sourceTree = "<group>"; };
		9FB40A2D12414DC500FDDA7B /* QSIViewControllerLevel1.m */ = {isa = PBXFileReference; fileEncoding = 4; lastKnownFileType = sourcecode.c.objc; path = QSIViewControllerLevel1.m; sourceTree = "<group>"; };
		9FB40A2E12414DC500FDDA7B /* QSIViewControllerLevel2.h */ = {isa = PBXFileReference; fileEncoding = 4; lastKnownFileType = sourcecode.c.h; path = QSIViewControllerLevel2.h; sourceTree = "<group>"; };
		9FB40A2F12414DC500FDDA7B /* QSIViewControllerLevel2.m */ = {isa = PBXFileReference; fileEncoding = 4; lastKnownFileType = sourcecode.c.objc; path = QSIViewControllerLevel2.m; sourceTree = "<group>"; };
		9FB40A3012414DC500FDDA7B /* QuickSignInAppDelegate.h */ = {isa = PBXFileReference; fileEncoding = 4; lastKnownFileType = sourcecode.c.h; path = QuickSignInAppDelegate.h; sourceTree = "<group>"; };
		9FB40A3112414DC500FDDA7B /* QuickSignInAppDelegate.m */ = {isa = PBXFileReference; fileEncoding = 4; lastKnownFileType = sourcecode.c.objc; path = QuickSignInAppDelegate.m; sourceTree = "<group>"; };
		9FB40A3712414DD200FDDA7B /* Quick_Sign_In_Prefix.pch */ = {isa = PBXFileReference; fileEncoding = 4; lastKnownFileType = sourcecode.c.h; path = Quick_Sign_In_Prefix.pch; sourceTree = "<group>"; };
		9FB40A3912414DEE00FDDA7B /* Default.png */ = {isa = PBXFileReference; lastKnownFileType = image.png; path = Default.png; sourceTree = "<group>"; };
		9FB40A3A12414DEE00FDDA7B /* icon.png */ = {isa = PBXFileReference; lastKnownFileType = image.png; path = icon.png; sourceTree = "<group>"; };
		9FB40A3B12414DEE00FDDA7B /* icon_big.png */ = {isa = PBXFileReference; lastKnownFileType = image.png; path = icon_big.png; sourceTree = "<group>"; };
		9FB40A3C12414DEE00FDDA7B /* icon_ipad.png */ = {isa = PBXFileReference; lastKnownFileType = image.png; path = icon_ipad.png; sourceTree = "<group>"; };
		9FB40A3D12414DEE00FDDA7B /* janrain_logo.png */ = {isa = PBXFileReference; lastKnownFileType = image.png; path = janrain_logo.png; sourceTree = "<group>"; };
		9FB40A3F12414DEE00FDDA7B /* MainWindow.xib */ = {isa = PBXFileReference; lastKnownFileType = file.xib; path = MainWindow.xib; sourceTree = "<group>"; };
		9FB40A4012414DEE00FDDA7B /* QSIRootViewController.xib */ = {isa = PBXFileReference; lastKnownFileType = file.xib; path = QSIRootViewController.xib; sourceTree = "<group>"; };
		9FB40A4112414DEE00FDDA7B /* QSIViewControllerLevel1.xib */ = {isa = PBXFileReference; lastKnownFileType = file.xib; path = QSIViewControllerLevel1.xib; sourceTree = "<group>"; };
		9FB40A4212414DEE00FDDA7B /* QSIViewControllerLevel2.xib */ = {isa = PBXFileReference; lastKnownFileType = file.xib; path = QSIViewControllerLevel2.xib; sourceTree = "<group>"; };
		9FB40A4C12414DFC00FDDA7B /* Quick_Sign_In-Info.plist */ = {isa = PBXFileReference; fileEncoding = 4; lastKnownFileType = text.plist.xml; path = "Quick_Sign_In-Info.plist"; sourceTree = "<group>"; };
/* End PBXFileReference section */

/* Begin PBXFrameworksBuildPhase section */
		1D60588F0D05DD3D006BFB54 /* Frameworks */ = {
			isa = PBXFrameworksBuildPhase;
			buildActionMask = 2147483647;
			files = (
				1D60589F0D05DD5A006BFB54 /* Foundation.framework in Frameworks */,
				1DF5F4E00D08C38300B7A737 /* UIKit.framework in Frameworks */,
				288765A50DF7441C002DB57D /* CoreGraphics.framework in Frameworks */,
			);
			runOnlyForDeploymentPostprocessing = 0;
		};
/* End PBXFrameworksBuildPhase section */

/* Begin PBXGroup section */
		080E96DDFE201D6D7F000001 /* Classes */ = {
			isa = PBXGroup;
			children = (
				9FB40A2812414DC500FDDA7B /* QSIRootViewController.h */,
				9FB40A2912414DC500FDDA7B /* QSIRootViewController.m */,
				9FB40A2A12414DC500FDDA7B /* QSIUserModel.h */,
				9FB40A2B12414DC500FDDA7B /* QSIUserModel.m */,
				9FB40A2C12414DC500FDDA7B /* QSIViewControllerLevel1.h */,
				9FB40A2D12414DC500FDDA7B /* QSIViewControllerLevel1.m */,
				9FB40A2E12414DC500FDDA7B /* QSIViewControllerLevel2.h */,
				9FB40A2F12414DC500FDDA7B /* QSIViewControllerLevel2.m */,
				9FB40A3012414DC500FDDA7B /* QuickSignInAppDelegate.h */,
				9FB40A3112414DC500FDDA7B /* QuickSignInAppDelegate.m */,
			);
			path = Classes;
			sourceTree = "<group>";
		};
		19C28FACFE9D520D11CA2CBB /* Products */ = {
			isa = PBXGroup;
			children = (
				1D6058910D05DD3D006BFB54 /* Quick Sign-In.app */,
			);
			name = Products;
			sourceTree = "<group>";
		};
		29B97314FDCFA39411CA2CEA /* CustomTemplate */ = {
			isa = PBXGroup;
			children = (
				9F63D8EC1251143B00A21A59 /* JREngage */,
				080E96DDFE201D6D7F000001 /* Classes */,
				29B97315FDCFA39411CA2CEA /* Other Sources */,
				29B97317FDCFA39411CA2CEA /* Resources */,
				29B97323FDCFA39411CA2CEA /* Frameworks */,
				19C28FACFE9D520D11CA2CBB /* Products */,
			);
			name = CustomTemplate;
			sourceTree = "<group>";
		};
		29B97315FDCFA39411CA2CEA /* Other Sources */ = {
			isa = PBXGroup;
			children = (
				9FB40A3712414DD200FDDA7B /* Quick_Sign_In_Prefix.pch */,
				29B97316FDCFA39411CA2CEA /* main.m */,
			);
			name = "Other Sources";
			sourceTree = "<group>";
		};
		29B97317FDCFA39411CA2CEA /* Resources */ = {
			isa = PBXGroup;
			children = (
				9FB40A3812414DEE00FDDA7B /* images */,
				9FB40A3E12414DEE00FDDA7B /* xibs */,
				9F5908D0116F9316006955EF /* Entitlements.plist */,
				9FB40A4C12414DFC00FDDA7B /* Quick_Sign_In-Info.plist */,
			);
			name = Resources;
			sourceTree = "<group>";
		};
		29B97323FDCFA39411CA2CEA /* Frameworks */ = {
			isa = PBXGroup;
			children = (
				1DF5F4DF0D08C38300B7A737 /* UIKit.framework */,
				1D30AB110D05D00D00671497 /* Foundation.framework */,
				288765A40DF7441C002DB57D /* CoreGraphics.framework */,
			);
			name = Frameworks;
			sourceTree = "<group>";
		};
		9F63D8EC1251143B00A21A59 /* JREngage */ = {
			isa = PBXGroup;
			children = (
				9F63D9111251143C00A21A59 /* Resources */,
				9F63D8ED1251143B00A21A59 /* JREngage.bundle */,
				9F63D8EE1251143B00A21A59 /* JSON */,
				9F63D8FA1251143B00A21A59 /* classes */,
			);
			name = JREngage;
			sourceTree = "<group>";
		};
		9F63D8EE1251143B00A21A59 /* JSON */ = {
			isa = PBXGroup;
			children = (
				9F63D8EF1251143B00A21A59 /* JSON.h */,
				9F63D8F01251143B00A21A59 /* NSObject+SBJSON.h */,
				9F63D8F11251143B00A21A59 /* NSObject+SBJSON.m */,
				9F63D8F21251143B00A21A59 /* NSString+SBJSON.h */,
				9F63D8F31251143B00A21A59 /* NSString+SBJSON.m */,
				9F63D8F41251143B00A21A59 /* SBJsonBase.h */,
				9F63D8F51251143B00A21A59 /* SBJsonBase.m */,
				9F63D8F61251143B00A21A59 /* SBJsonParser.h */,
				9F63D8F71251143B00A21A59 /* SBJsonParser.m */,
				9F63D8F81251143B00A21A59 /* SBJsonWriter.h */,
				9F63D8F91251143B00A21A59 /* SBJsonWriter.m */,
			);
			name = JSON;
			path = ../JREngage/JSON;
			sourceTree = SOURCE_ROOT;
		};
		9F63D8FA1251143B00A21A59 /* classes */ = {
			isa = PBXGroup;
			children = (
				9F63D8FB1251143B00A21A59 /* JRConnectionManager.h */,
				9F63D8FC1251143B00A21A59 /* JRConnectionManager.m */,
				9F63D8FD1251143B00A21A59 /* JREngage.h */,
				9F63D8FE1251143B00A21A59 /* JREngage.m */,
				9F63D8FF1251143C00A21A59 /* JRSessionData.h */,
				9F63D9001251143C00A21A59 /* JRSessionData.m */,
				9F63D9011251143C00A21A59 /* JRActivityObject.h */,
				9F63D9021251143C00A21A59 /* JRActivityObject.m */,
				9F63D9031251143C00A21A59 /* JRUserInterfaceMaestro.h */,
				9F63D9041251143C00A21A59 /* JRUserInterfaceMaestro.m */,
				9F63D9051251143C00A21A59 /* JRModalNavigationController.h */,
				9F63D9061251143C00A21A59 /* JRModalNavigationController.m */,
				9F63D9071251143C00A21A59 /* JRProvidersController.h */,
				9F63D9081251143C00A21A59 /* JRProvidersController.m */,
				9F63D9091251143C00A21A59 /* JRPublishActivityController.h */,
				9F63D90A1251143C00A21A59 /* JRPublishActivityController.m */,
				9F63D90B1251143C00A21A59 /* JRUserLandingController.h */,
				9F63D90C1251143C00A21A59 /* JRUserLandingController.m */,
				9F63D90D1251143C00A21A59 /* JRWebViewController.h */,
				9F63D90E1251143C00A21A59 /* JRWebViewController.m */,
				9F63D90F1251143C00A21A59 /* JRInfoBar.h */,
				9F63D9101251143C00A21A59 /* JRInfoBar.m */,
			);
			name = classes;
			path = ../JREngage/classes;
			sourceTree = SOURCE_ROOT;
		};
		9F63D9111251143C00A21A59 /* Resources */ = {
			isa = PBXGroup;
			children = (
				9F63D9121251143C00A21A59 /* JRProvidersController.xib */,
				9F63D9131251143C00A21A59 /* JRPublishActivityController.xib */,
				9F63D9141251143C00A21A59 /* JRUserLandingController.xib */,
				9F63D9151251143C00A21A59 /* JRWebViewController.xib */,
			);
			name = Resources;
			sourceTree = "<group>";
		};
		9FB40A3812414DEE00FDDA7B /* images */ = {
			isa = PBXGroup;
			children = (
				9FB40A3912414DEE00FDDA7B /* Default.png */,
				9FB40A3A12414DEE00FDDA7B /* icon.png */,
				9FB40A3B12414DEE00FDDA7B /* icon_big.png */,
				9FB40A3C12414DEE00FDDA7B /* icon_ipad.png */,
				9FB40A3D12414DEE00FDDA7B /* janrain_logo.png */,
			);
			name = images;
			path = Resources/images;
			sourceTree = "<group>";
		};
		9FB40A3E12414DEE00FDDA7B /* xibs */ = {
			isa = PBXGroup;
			children = (
				9FB40A3F12414DEE00FDDA7B /* MainWindow.xib */,
				9FB40A4012414DEE00FDDA7B /* QSIRootViewController.xib */,
				9FB40A4112414DEE00FDDA7B /* QSIViewControllerLevel1.xib */,
				9FB40A4212414DEE00FDDA7B /* QSIViewControllerLevel2.xib */,
			);
			name = xibs;
			path = Resources/xibs;
			sourceTree = "<group>";
		};
/* End PBXGroup section */

/* Begin PBXNativeTarget section */
		1D6058900D05DD3D006BFB54 /* QuickSignIn */ = {
			isa = PBXNativeTarget;
			buildConfigurationList = 1D6058960D05DD3E006BFB54 /* Build configuration list for PBXNativeTarget "QuickSignIn" */;
			buildPhases = (
				1D60588D0D05DD3D006BFB54 /* Resources */,
				1D60588E0D05DD3D006BFB54 /* Sources */,
				1D60588F0D05DD3D006BFB54 /* Frameworks */,
				7DACF06B11C1FA8F004A4EF8 /* ShellScript */,
			);
			buildRules = (
			);
			dependencies = (
			);
			name = QuickSignIn;
			productName = QuickSignIn;
			productReference = 1D6058910D05DD3D006BFB54 /* Quick Sign-In.app */;
			productType = "com.apple.product-type.application";
		};
/* End PBXNativeTarget section */

/* Begin PBXProject section */
		29B97313FDCFA39411CA2CEA /* Project object */ = {
			isa = PBXProject;
			attributes = {
				BuildIndependentTargetsInParallel = YES;
			};
			buildConfigurationList = C01FCF4E08A954540054247B /* Build configuration list for PBXProject "QuickSignIn" */;
			compatibilityVersion = "Xcode 3.1";
			hasScannedForEncodings = 1;
			knownRegions = (
				English,
				Japanese,
				French,
				German,
			);
			mainGroup = 29B97314FDCFA39411CA2CEA /* CustomTemplate */;
			projectDirPath = "";
			projectRoot = "";
			targets = (
				1D6058900D05DD3D006BFB54 /* QuickSignIn */,
			);
		};
/* End PBXProject section */

/* Begin PBXResourcesBuildPhase section */
		1D60588D0D05DD3D006BFB54 /* Resources */ = {
			isa = PBXResourcesBuildPhase;
			buildActionMask = 2147483647;
			files = (
				9F5908D1116F9316006955EF /* Entitlements.plist in Resources */,
				9FB40A4312414DEE00FDDA7B /* Default.png in Resources */,
				9FB40A4412414DEE00FDDA7B /* icon.png in Resources */,
				9FB40A4512414DEE00FDDA7B /* icon_big.png in Resources */,
				9FB40A4612414DEE00FDDA7B /* icon_ipad.png in Resources */,
				9FB40A4712414DEE00FDDA7B /* janrain_logo.png in Resources */,
				9FB40A4812414DEE00FDDA7B /* MainWindow.xib in Resources */,
				9FB40A4912414DEE00FDDA7B /* QSIRootViewController.xib in Resources */,
				9FB40A4A12414DEE00FDDA7B /* QSIViewControllerLevel1.xib in Resources */,
				9FB40A4B12414DEE00FDDA7B /* QSIViewControllerLevel2.xib in Resources */,
				9FB40A4D12414DFC00FDDA7B /* Quick_Sign_In-Info.plist in Resources */,
				9F63D9171251143C00A21A59 /* JREngage.bundle in Resources */,
				9F63D9281251143C00A21A59 /* JRProvidersController.xib in Resources */,
				9F63D9291251143C00A21A59 /* JRPublishActivityController.xib in Resources */,
				9F63D92A1251143C00A21A59 /* JRUserLandingController.xib in Resources */,
				9F63D92B1251143C00A21A59 /* JRWebViewController.xib in Resources */,
			);
			runOnlyForDeploymentPostprocessing = 0;
		};
/* End PBXResourcesBuildPhase section */

/* Begin PBXShellScriptBuildPhase section */
		7DACF06B11C1FA8F004A4EF8 /* ShellScript */ = {
			isa = PBXShellScriptBuildPhase;
			buildActionMask = 2147483647;
			files = (
			);
			inputPaths = (
			);
			outputPaths = (
			);
			runOnlyForDeploymentPostprocessing = 0;
			shellPath = /bin/bash;
			shellScript = "#!/bin/bash\n# (c) 2010 James Briant, binaryfinery.com\n\n\nif [[ $TARGET_BUILD_DIR == *Release-iphoneos* ]]\nthen\n\necho \"Rebuilding library as proper multiarch file\"\n\n\nmv $TEMP_FILES_DIR/Objects-$BUILD_VARIANTS/armv6/libThree20.a $TEMP_FILES_DIR/Objects-$BUILD_VARIANTS/armv6/libThree20.temp.a\nlipo -extract armv6 $TEMP_FILES_DIR/Objects-$BUILD_VARIANTS/armv6/libThree20.temp.a -o $TEMP_FILES_DIR/Objects-$BUILD_VARIANTS/armv6/libThree20.a\nmv $TEMP_FILES_DIR/Objects-$BUILD_VARIANTS/armv7/libThree20.a $TEMP_FILES_DIR/Objects-$BUILD_VARIANTS/armv7/libThree20.temp.a\nlipo -extract armv7 $TEMP_FILES_DIR/Objects-$BUILD_VARIANTS/armv7/libThree20.temp.a -o $TEMP_FILES_DIR/Objects-$BUILD_VARIANTS/armv7/libThree20.a\n\nlibtool -static $TEMP_FILES_DIR/Objects-$BUILD_VARIANTS/armv6/libThree20.a $TEMP_FILES_DIR/Objects-$BUILD_VARIANTS/armv7/libThree20.a -o $BUILT_PRODUCTS_DIR/libThree20.a\nelse\necho \"Skipping arm multi-architecture rebuild\"\nfi";
		};
/* End PBXShellScriptBuildPhase section */

/* Begin PBXSourcesBuildPhase section */
		1D60588E0D05DD3D006BFB54 /* Sources */ = {
			isa = PBXSourcesBuildPhase;
			buildActionMask = 2147483647;
			files = (
				1D60589B0D05DD56006BFB54 /* main.m in Sources */,
				9FB40A3212414DC500FDDA7B /* QSIRootViewController.m in Sources */,
				9FB40A3312414DC500FDDA7B /* QSIUserModel.m in Sources */,
				9FB40A3412414DC500FDDA7B /* QSIViewControllerLevel1.m in Sources */,
				9FB40A3512414DC500FDDA7B /* QSIViewControllerLevel2.m in Sources */,
				9FB40A3612414DC500FDDA7B /* QuickSignInAppDelegate.m in Sources */,
				9F63D9181251143C00A21A59 /* NSObject+SBJSON.m in Sources */,
				9F63D9191251143C00A21A59 /* NSString+SBJSON.m in Sources */,
				9F63D91A1251143C00A21A59 /* SBJsonBase.m in Sources */,
				9F63D91B1251143C00A21A59 /* SBJsonParser.m in Sources */,
				9F63D91C1251143C00A21A59 /* SBJsonWriter.m in Sources */,
				9F63D91D1251143C00A21A59 /* JRConnectionManager.m in Sources */,
				9F63D91E1251143C00A21A59 /* JREngage.m in Sources */,
				9F63D91F1251143C00A21A59 /* JRSessionData.m in Sources */,
				9F63D9201251143C00A21A59 /* JRActivityObject.m in Sources */,
				9F63D9211251143C00A21A59 /* JRUserInterfaceMaestro.m in Sources */,
				9F63D9221251143C00A21A59 /* JRModalNavigationController.m in Sources */,
				9F63D9231251143C00A21A59 /* JRProvidersController.m in Sources */,
				9F63D9241251143C00A21A59 /* JRPublishActivityController.m in Sources */,
				9F63D9251251143C00A21A59 /* JRUserLandingController.m in Sources */,
				9F63D9261251143C00A21A59 /* JRWebViewController.m in Sources */,
				9F63D9271251143C00A21A59 /* JRInfoBar.m in Sources */,
			);
			runOnlyForDeploymentPostprocessing = 0;
		};
/* End PBXSourcesBuildPhase section */

/* Begin XCBuildConfiguration section */
		1D6058940D05DD3E006BFB54 /* Debug */ = {
			isa = XCBuildConfiguration;
			buildSettings = {
				ADDITIONAL_SDKS = "";
				ALWAYS_SEARCH_USER_PATHS = NO;
				CODE_SIGN_IDENTITY = "";
				"CODE_SIGN_IDENTITY[sdk=iphoneos*]" = "iPhone Developer: Lilli Szafranski (QWMWM2H3HW)";
				COPY_PHASE_STRIP = NO;
				GCC_DYNAMIC_NO_PIC = NO;
				GCC_OPTIMIZATION_LEVEL = 0;
				GCC_PRECOMPILE_PREFIX_HEADER = YES;
				GCC_PREFIX_HEADER = Quick_Sign_In_Prefix.pch;
				GCC_VERSION = 4.2;
				INFOPLIST_FILE = "Quick_Sign_In-Info.plist";
				IPHONEOS_DEPLOYMENT_TARGET = 4.0;
				OTHER_CFLAGS = "";
				OTHER_LDFLAGS = (
					"-v",
					"$(OBJC_LIBRARY)",
				);
				PRODUCT_NAME = "Quick Sign-In";
				"PROVISIONING_PROFILE[sdk=iphoneos*]" = "80A706E7-69B2-450A-86EA-BF6A187E6263";
				SDKROOT = iphoneos4.0;
				TARGETED_DEVICE_FAMILY = 1;
				USER_HEADER_SEARCH_PATHS = "";
			};
			name = Debug;
		};
		1D6058950D05DD3E006BFB54 /* Release */ = {
			isa = XCBuildConfiguration;
			buildSettings = {
				ADDITIONAL_SDKS = "";
				ALWAYS_SEARCH_USER_PATHS = NO;
				CODE_SIGN_IDENTITY = "";
				"CODE_SIGN_IDENTITY[sdk=iphoneos*]" = "iPhone Distribution: JanRain, Inc.";
				COPY_PHASE_STRIP = YES;
				GCC_PRECOMPILE_PREFIX_HEADER = YES;
				GCC_PREFIX_HEADER = Quick_Sign_In_Prefix.pch;
				GCC_VERSION = 4.2;
				INFOPLIST_FILE = "Quick_Sign_In-Info.plist";
				IPHONEOS_DEPLOYMENT_TARGET = 4.0;
				OTHER_CFLAGS = "";
				OTHER_LDFLAGS = (
					"-v",
					"$(OBJC_LIBRARY)",
				);
				PRODUCT_NAME = "Quick Sign-In";
				"PROVISIONING_PROFILE[sdk=iphoneos*]" = "5F454B76-32EB-4DB7-97BC-EA11298BC5E9";
				SDKROOT = iphoneos4.0;
				TARGETED_DEVICE_FAMILY = 1;
				USER_HEADER_SEARCH_PATHS = "";
			};
			name = Release;
		};
		9F5908C7116F921F006955EF /* Distribution */ = {
			isa = XCBuildConfiguration;
			buildSettings = {
				ARCHS = "$(ARCHS_STANDARD_32_BIT)";
				"CODE_SIGN_IDENTITY[sdk=iphoneos*]" = "iPhone Developer";
				GCC_C_LANGUAGE_STANDARD = c99;
				GCC_VERSION = com.apple.compilers.llvm.clang.1_0;
				GCC_WARN_ABOUT_RETURN_TYPE = YES;
				GCC_WARN_UNUSED_VARIABLE = YES;
				IPHONEOS_DEPLOYMENT_TARGET = 3.1.2;
				ONLY_ACTIVE_ARCH = NO;
				OTHER_CFLAGS = "-fblocks";
				OTHER_LDFLAGS = (
					"-all_load",
					"-ObjC",
				);
				PREBINDING = NO;
				SDKROOT = iphonesimulator3.2;
				STANDARD_C_PLUS_PLUS_LIBRARY_TYPE = dynamic;
				TARGETED_DEVICE_FAMILY = 1;
			};
			name = Distribution;
		};
		9F5908C8116F921F006955EF /* Distribution */ = {
			isa = XCBuildConfiguration;
			buildSettings = {
				ADDITIONAL_SDKS = "";
				ALWAYS_SEARCH_USER_PATHS = NO;
				CODE_SIGN_ENTITLEMENTS = Entitlements.plist;
				CODE_SIGN_IDENTITY = "";
				"CODE_SIGN_IDENTITY[sdk=iphoneos*]" = "iPhone Distribution: JanRain, Inc.";
				CODE_SIGN_RESOURCE_RULES_PATH = "";
				COPY_PHASE_STRIP = YES;
				GCC_PRECOMPILE_PREFIX_HEADER = YES;
				GCC_PREFIX_HEADER = Quick_Sign_In_Prefix.pch;
				GCC_VERSION = 4.2;
				INFOPLIST_FILE = "Quick_Sign_In-Info.plist";
				IPHONEOS_DEPLOYMENT_TARGET = 4.0;
				OTHER_CFLAGS = "";
				OTHER_LDFLAGS = (
					"-v",
					"$(OBJC_LIBRARY)",
				);
				PRODUCT_NAME = "Quick Sign-In";
				"PROVISIONING_PROFILE[sdk=iphoneos*]" = "C77F6446-B0C3-459A-862E-B6508C468BF8";
				SDKROOT = iphoneos4.0;
				TARGETED_DEVICE_FAMILY = 1;
				USER_HEADER_SEARCH_PATHS = "";
			};
			name = Distribution;
		};
		C01FCF4F08A954540054247B /* Debug */ = {
			isa = XCBuildConfiguration;
			buildSettings = {
				ARCHS = "$(ARCHS_STANDARD_32_BIT)";
				"CODE_SIGN_IDENTITY[sdk=iphoneos*]" = "iPhone Developer";
				GCC_C_LANGUAGE_STANDARD = c99;
				GCC_VERSION = com.apple.compilers.llvm.clang.1_0;
				GCC_WARN_ABOUT_RETURN_TYPE = YES;
				GCC_WARN_UNUSED_VARIABLE = YES;
				IPHONEOS_DEPLOYMENT_TARGET = 3.1.2;
				ONLY_ACTIVE_ARCH = NO;
				OTHER_CFLAGS = "-fblocks";
				OTHER_LDFLAGS = (
					"-all_load",
					"-ObjC",
				);
				PREBINDING = NO;
				SDKROOT = iphonesimulator3.2;
				STANDARD_C_PLUS_PLUS_LIBRARY_TYPE = dynamic;
				TARGETED_DEVICE_FAMILY = 1;
			};
			name = Debug;
		};
		C01FCF5008A954540054247B /* Release */ = {
			isa = XCBuildConfiguration;
			buildSettings = {
				ARCHS = "$(ARCHS_STANDARD_32_BIT)";
				"CODE_SIGN_IDENTITY[sdk=iphoneos*]" = "iPhone Developer";
				GCC_C_LANGUAGE_STANDARD = c99;
				GCC_VERSION = com.apple.compilers.llvm.clang.1_0;
				GCC_WARN_ABOUT_RETURN_TYPE = YES;
				GCC_WARN_UNUSED_VARIABLE = YES;
				IPHONEOS_DEPLOYMENT_TARGET = 3.1.2;
				ONLY_ACTIVE_ARCH = NO;
				OTHER_CFLAGS = "-fblocks";
				OTHER_LDFLAGS = (
					"-all_load",
					"-ObjC",
				);
				PREBINDING = NO;
				SDKROOT = iphonesimulator3.2;
				STANDARD_C_PLUS_PLUS_LIBRARY_TYPE = dynamic;
				TARGETED_DEVICE_FAMILY = 1;
			};
			name = Release;
		};
/* End XCBuildConfiguration section */

/* Begin XCConfigurationList section */
		1D6058960D05DD3E006BFB54 /* Build configuration list for PBXNativeTarget "QuickSignIn" */ = {
			isa = XCConfigurationList;
			buildConfigurations = (
				1D6058940D05DD3E006BFB54 /* Debug */,
				1D6058950D05DD3E006BFB54 /* Release */,
				9F5908C8116F921F006955EF /* Distribution */,
			);
			defaultConfigurationIsVisible = 0;
			defaultConfigurationName = Release;
		};
		C01FCF4E08A954540054247B /* Build configuration list for PBXProject "QuickSignIn" */ = {
			isa = XCConfigurationList;
			buildConfigurations = (
				C01FCF4F08A954540054247B /* Debug */,
				C01FCF5008A954540054247B /* Release */,
				9F5908C7116F921F006955EF /* Distribution */,
			);
			defaultConfigurationIsVisible = 0;
			defaultConfigurationName = Release;
		};
/* End XCConfigurationList section */
	};
	rootObject = 29B97313FDCFA39411CA2CEA /* Project object */;
}
