// !$*UTF8*$!
{
	archiveVersion = 1;
	classes = {
	};
	objectVersion = 45;
	objects = {

/* Begin PBXBuildFile section */
		1D60589B0D05DD56006BFB54 /* main.m in Sources */ = {isa = PBXBuildFile; fileRef = 29B97316FDCFA39411CA2CEA /* main.m */; };
		1D60589F0D05DD5A006BFB54 /* Foundation.framework in Frameworks */ = {isa = PBXBuildFile; fileRef = 1D30AB110D05D00D00671497 /* Foundation.framework */; };
		1DF5F4E00D08C38300B7A737 /* UIKit.framework in Frameworks */ = {isa = PBXBuildFile; fileRef = 1DF5F4DF0D08C38300B7A737 /* UIKit.framework */; };
		2892E4100DC94CBA00A64D0F /* CoreGraphics.framework in Frameworks */ = {isa = PBXBuildFile; fileRef = 2892E40F0DC94CBA00A64D0F /* CoreGraphics.framework */; };
		28C286E10D94DF7D0034E888 /* FeedReaderSummary.m in Sources */ = {isa = PBXBuildFile; fileRef = 28C286E00D94DF7D0034E888 /* FeedReaderSummary.m */; };
		9F3F36D3121C64EF00EFAF68 /* janrain_blog.json in Resources */ = {isa = PBXBuildFile; fileRef = 9F3F36D2121C64EF00EFAF68 /* janrain_blog.json */; };
		9F87D85412145FDE00FF7E2C /* FeedReaderFeeds.m in Sources */ = {isa = PBXBuildFile; fileRef = 9F87D85212145FDE00FF7E2C /* FeedReaderFeeds.m */; };
		9F87DF471219A97600FF7E2C /* FeedReaderWebView.m in Sources */ = {isa = PBXBuildFile; fileRef = 9F87DF451219A97600FF7E2C /* FeedReaderWebView.m */; };
		9F8AC6101210BD4E004DB52A /* FeedReaderDetail.m in Sources */ = {isa = PBXBuildFile; fileRef = 9F8AC60E1210BD4E004DB52A /* FeedReaderDetail.m */; };
		9FB409421241429300FDDA7B /* Quick_PublishAppDelegate.m in Sources */ = {isa = PBXBuildFile; fileRef = 9FB409411241429300FDDA7B /* Quick_PublishAppDelegate.m */; };
		9FB409461241430500FDDA7B /* Quick_Publish-Info.plist in Resources */ = {isa = PBXBuildFile; fileRef = 9FB409451241430500FDDA7B /* Quick_Publish-Info.plist */; };
		9FB409561241435400FDDA7B /* FeedReaderDetail.xib in Resources */ = {isa = PBXBuildFile; fileRef = 9FB409531241435400FDDA7B /* FeedReaderDetail.xib */; };
		9FB409571241435400FDDA7B /* FeedReaderFeeds.xib in Resources */ = {isa = PBXBuildFile; fileRef = 9FB409541241435400FDDA7B /* FeedReaderFeeds.xib */; };
		9FB409581241435400FDDA7B /* FeedReaderWebView.xib in Resources */ = {isa = PBXBuildFile; fileRef = 9FB409551241435400FDDA7B /* FeedReaderWebView.xib */; };
		9FB4095A1241435E00FDDA7B /* dark_blue_button_280x40.png in Resources */ = {isa = PBXBuildFile; fileRef = 9FB409591241435E00FDDA7B /* dark_blue_button_280x40.png */; };
		9FB40DFD1247DE5200FDDA7B /* JREngage.bundle in Resources */ = {isa = PBXBuildFile; fileRef = 9FB40DD41247DE5200FDDA7B /* JREngage.bundle */; };
		9FB40DFE1247DE5200FDDA7B /* NSObject+SBJSON.m in Sources */ = {isa = PBXBuildFile; fileRef = 9FB40DD81247DE5200FDDA7B /* NSObject+SBJSON.m */; };
		9FB40DFF1247DE5200FDDA7B /* NSString+SBJSON.m in Sources */ = {isa = PBXBuildFile; fileRef = 9FB40DDA1247DE5200FDDA7B /* NSString+SBJSON.m */; };
		9FB40E001247DE5200FDDA7B /* SBJsonBase.m in Sources */ = {isa = PBXBuildFile; fileRef = 9FB40DDC1247DE5200FDDA7B /* SBJsonBase.m */; };
		9FB40E011247DE5200FDDA7B /* SBJsonParser.m in Sources */ = {isa = PBXBuildFile; fileRef = 9FB40DDE1247DE5200FDDA7B /* SBJsonParser.m */; };
		9FB40E021247DE5200FDDA7B /* SBJsonWriter.m in Sources */ = {isa = PBXBuildFile; fileRef = 9FB40DE01247DE5200FDDA7B /* SBJsonWriter.m */; };
		9FB40E031247DE5200FDDA7B /* JRActivityObject.m in Sources */ = {isa = PBXBuildFile; fileRef = 9FB40DE31247DE5200FDDA7B /* JRActivityObject.m */; };
		9FB40E041247DE5200FDDA7B /* JRConnectionManager.m in Sources */ = {isa = PBXBuildFile; fileRef = 9FB40DE51247DE5200FDDA7B /* JRConnectionManager.m */; };
		9FB40E051247DE5200FDDA7B /* JREngage.m in Sources */ = {isa = PBXBuildFile; fileRef = 9FB40DE71247DE5200FDDA7B /* JREngage.m */; };
		9FB40E061247DE5200FDDA7B /* JRInfoBar.m in Sources */ = {isa = PBXBuildFile; fileRef = 9FB40DE91247DE5200FDDA7B /* JRInfoBar.m */; };
		9FB40E071247DE5200FDDA7B /* JRModalNavigationController.m in Sources */ = {isa = PBXBuildFile; fileRef = 9FB40DEB1247DE5200FDDA7B /* JRModalNavigationController.m */; };
		9FB40E081247DE5200FDDA7B /* JRProvidersController.m in Sources */ = {isa = PBXBuildFile; fileRef = 9FB40DED1247DE5200FDDA7B /* JRProvidersController.m */; };
		9FB40E091247DE5200FDDA7B /* JRPublishActivityController.m in Sources */ = {isa = PBXBuildFile; fileRef = 9FB40DEF1247DE5200FDDA7B /* JRPublishActivityController.m */; };
		9FB40E0A1247DE5200FDDA7B /* JRSessionData.m in Sources */ = {isa = PBXBuildFile; fileRef = 9FB40DF11247DE5200FDDA7B /* JRSessionData.m */; };
		9FB40E0B1247DE5200FDDA7B /* JRUserInterfaceMaestro.m in Sources */ = {isa = PBXBuildFile; fileRef = 9FB40DF31247DE5200FDDA7B /* JRUserInterfaceMaestro.m */; };
		9FB40E0C1247DE5200FDDA7B /* JRUserLandingController.m in Sources */ = {isa = PBXBuildFile; fileRef = 9FB40DF51247DE5200FDDA7B /* JRUserLandingController.m */; };
		9FB40E0D1247DE5200FDDA7B /* JRWebViewController.m in Sources */ = {isa = PBXBuildFile; fileRef = 9FB40DF71247DE5200FDDA7B /* JRWebViewController.m */; };
		9FB40E0E1247DE5200FDDA7B /* JRProvidersController.xib in Resources */ = {isa = PBXBuildFile; fileRef = 9FB40DF91247DE5200FDDA7B /* JRProvidersController.xib */; };
		9FB40E0F1247DE5200FDDA7B /* JRPublishActivityController.xib in Resources */ = {isa = PBXBuildFile; fileRef = 9FB40DFA1247DE5200FDDA7B /* JRPublishActivityController.xib */; };
		9FB40E101247DE5200FDDA7B /* JRUserLandingController.xib in Resources */ = {isa = PBXBuildFile; fileRef = 9FB40DFB1247DE5200FDDA7B /* JRUserLandingController.xib */; };
		9FB40E111247DE5200FDDA7B /* JRWebViewController.xib in Resources */ = {isa = PBXBuildFile; fileRef = 9FB40DFC1247DE5200FDDA7B /* JRWebViewController.xib */; };
		9FD54A111213726800E11512 /* FeedReader.m in Sources */ = {isa = PBXBuildFile; fileRef = 9FD54A101213726800E11512 /* FeedReader.m */; };
		9FED48FF12241BCC004684F2 /* cell_background.png in Resources */ = {isa = PBXBuildFile; fileRef = 9FED48F612241BCC004684F2 /* cell_background.png */; };
		9FED490012241BCC004684F2 /* Default.png in Resources */ = {isa = PBXBuildFile; fileRef = 9FED48F712241BCC004684F2 /* Default.png */; };
		9FED490112241BCC004684F2 /* favicon.png in Resources */ = {isa = PBXBuildFile; fileRef = 9FED48F812241BCC004684F2 /* favicon.png */; };
		9FED490212241BCC004684F2 /* FeedReaderSummary.xib in Resources */ = {isa = PBXBuildFile; fileRef = 9FED48F912241BCC004684F2 /* FeedReaderSummary.xib */; };
		9FED490312241BCC004684F2 /* icon_iphone.png in Resources */ = {isa = PBXBuildFile; fileRef = 9FED48FA12241BCC004684F2 /* icon_iphone.png */; };
		9FED490412241BCC004684F2 /* icon_iphone4.png in Resources */ = {isa = PBXBuildFile; fileRef = 9FED48FB12241BCC004684F2 /* icon_iphone4.png */; };
		9FED490512241BCC004684F2 /* icon_itunes.png in Resources */ = {isa = PBXBuildFile; fileRef = 9FED48FC12241BCC004684F2 /* icon_itunes.png */; };
		9FED490612241BCC004684F2 /* janrain_logo.png in Resources */ = {isa = PBXBuildFile; fileRef = 9FED48FD12241BCC004684F2 /* janrain_logo.png */; };
		9FED490712241BCC004684F2 /* MainWindow.xib in Resources */ = {isa = PBXBuildFile; fileRef = 9FED48FE12241BCC004684F2 /* MainWindow.xib */; };
/* End PBXBuildFile section */

/* Begin PBXFileReference section */
		1D30AB110D05D00D00671497 /* Foundation.framework */ = {isa = PBXFileReference; lastKnownFileType = wrapper.framework; name = Foundation.framework; path = System/Library/Frameworks/Foundation.framework; sourceTree = SDKROOT; };
		1D6058910D05DD3D006BFB54 /* Quick Publish.app */ = {isa = PBXFileReference; explicitFileType = wrapper.application; includeInIndex = 0; path = "Quick Publish.app"; sourceTree = BUILT_PRODUCTS_DIR; };
		1DF5F4DF0D08C38300B7A737 /* UIKit.framework */ = {isa = PBXFileReference; lastKnownFileType = wrapper.framework; name = UIKit.framework; path = System/Library/Frameworks/UIKit.framework; sourceTree = SDKROOT; };
		2892E40F0DC94CBA00A64D0F /* CoreGraphics.framework */ = {isa = PBXFileReference; lastKnownFileType = wrapper.framework; name = CoreGraphics.framework; path = System/Library/Frameworks/CoreGraphics.framework; sourceTree = SDKROOT; };
		28C286DF0D94DF7D0034E888 /* FeedReaderSummary.h */ = {isa = PBXFileReference; fileEncoding = 4; lastKnownFileType = sourcecode.c.h; path = FeedReaderSummary.h; sourceTree = "<group>"; };
		28C286E00D94DF7D0034E888 /* FeedReaderSummary.m */ = {isa = PBXFileReference; fileEncoding = 4; lastKnownFileType = sourcecode.c.objc; path = FeedReaderSummary.m; sourceTree = "<group>"; };
		29B97316FDCFA39411CA2CEA /* main.m */ = {isa = PBXFileReference; fileEncoding = 4; lastKnownFileType = sourcecode.c.objc; path = main.m; sourceTree = "<group>"; };
		9F3F36D2121C64EF00EFAF68 /* janrain_blog.json */ = {isa = PBXFileReference; fileEncoding = 4; lastKnownFileType = text; path = janrain_blog.json; sourceTree = "<group>"; };
		9F87D85112145FDE00FF7E2C /* FeedReaderFeeds.h */ = {isa = PBXFileReference; fileEncoding = 4; lastKnownFileType = sourcecode.c.h; path = FeedReaderFeeds.h; sourceTree = "<group>"; };
		9F87D85212145FDE00FF7E2C /* FeedReaderFeeds.m */ = {isa = PBXFileReference; fileEncoding = 4; lastKnownFileType = sourcecode.c.objc; path = FeedReaderFeeds.m; sourceTree = "<group>"; };
		9F87DF441219A97600FF7E2C /* FeedReaderWebView.h */ = {isa = PBXFileReference; fileEncoding = 4; lastKnownFileType = sourcecode.c.h; path = FeedReaderWebView.h; sourceTree = "<group>"; };
		9F87DF451219A97600FF7E2C /* FeedReaderWebView.m */ = {isa = PBXFileReference; fileEncoding = 4; lastKnownFileType = sourcecode.c.objc; path = FeedReaderWebView.m; sourceTree = "<group>"; };
		9F8AC60D1210BD4E004DB52A /* FeedReaderDetail.h */ = {isa = PBXFileReference; fileEncoding = 4; lastKnownFileType = sourcecode.c.h; path = FeedReaderDetail.h; sourceTree = "<group>"; };
		9F8AC60E1210BD4E004DB52A /* FeedReaderDetail.m */ = {isa = PBXFileReference; fileEncoding = 4; lastKnownFileType = sourcecode.c.objc; path = FeedReaderDetail.m; sourceTree = "<group>"; };
		9FB409401241429300FDDA7B /* Quick_PublishAppDelegate.h */ = {isa = PBXFileReference; fileEncoding = 4; lastKnownFileType = sourcecode.c.h; path = Quick_PublishAppDelegate.h; sourceTree = "<group>"; };
		9FB409411241429300FDDA7B /* Quick_PublishAppDelegate.m */ = {isa = PBXFileReference; fileEncoding = 4; lastKnownFileType = sourcecode.c.objc; path = Quick_PublishAppDelegate.m; sourceTree = "<group>"; };
		9FB40944124142AA00FDDA7B /* Quick_Publish_Prefix.pch */ = {isa = PBXFileReference; fileEncoding = 4; lastKnownFileType = sourcecode.c.h; path = Quick_Publish_Prefix.pch; sourceTree = "<group>"; };
		9FB409451241430500FDDA7B /* Quick_Publish-Info.plist */ = {isa = PBXFileReference; fileEncoding = 4; lastKnownFileType = text.plist.xml; path = "Quick_Publish-Info.plist"; sourceTree = "<group>"; };
		9FB409531241435400FDDA7B /* FeedReaderDetail.xib */ = {isa = PBXFileReference; lastKnownFileType = file.xib; name = FeedReaderDetail.xib; path = Resources/FeedReaderDetail.xib; sourceTree = "<group>"; };
		9FB409541241435400FDDA7B /* FeedReaderFeeds.xib */ = {isa = PBXFileReference; lastKnownFileType = file.xib; name = FeedReaderFeeds.xib; path = Resources/FeedReaderFeeds.xib; sourceTree = "<group>"; };
		9FB409551241435400FDDA7B /* FeedReaderWebView.xib */ = {isa = PBXFileReference; lastKnownFileType = file.xib; name = FeedReaderWebView.xib; path = Resources/FeedReaderWebView.xib; sourceTree = "<group>"; };
		9FB409591241435E00FDDA7B /* dark_blue_button_280x40.png */ = {isa = PBXFileReference; lastKnownFileType = image.png; name = dark_blue_button_280x40.png; path = Resources/dark_blue_button_280x40.png; sourceTree = "<group>"; };
		9FB40DD41247DE5200FDDA7B /* JREngage.bundle */ = {isa = PBXFileReference; lastKnownFileType = "wrapper.plug-in"; name = JREngage.bundle; path = ../JREngage/JREngage.bundle; sourceTree = SOURCE_ROOT; };
		9FB40DD61247DE5200FDDA7B /* JSON.h */ = {isa = PBXFileReference; fileEncoding = 4; lastKnownFileType = sourcecode.c.h; path = JSON.h; sourceTree = "<group>"; };
		9FB40DD71247DE5200FDDA7B /* NSObject+SBJSON.h */ = {isa = PBXFileReference; fileEncoding = 4; lastKnownFileType = sourcecode.c.h; path = "NSObject+SBJSON.h"; sourceTree = "<group>"; };
		9FB40DD81247DE5200FDDA7B /* NSObject+SBJSON.m */ = {isa = PBXFileReference; fileEncoding = 4; lastKnownFileType = sourcecode.c.objc; path = "NSObject+SBJSON.m"; sourceTree = "<group>"; };
		9FB40DD91247DE5200FDDA7B /* NSString+SBJSON.h */ = {isa = PBXFileReference; fileEncoding = 4; lastKnownFileType = sourcecode.c.h; path = "NSString+SBJSON.h"; sourceTree = "<group>"; };
		9FB40DDA1247DE5200FDDA7B /* NSString+SBJSON.m */ = {isa = PBXFileReference; fileEncoding = 4; lastKnownFileType = sourcecode.c.objc; path = "NSString+SBJSON.m"; sourceTree = "<group>"; };
		9FB40DDB1247DE5200FDDA7B /* SBJsonBase.h */ = {isa = PBXFileReference; fileEncoding = 4; lastKnownFileType = sourcecode.c.h; path = SBJsonBase.h; sourceTree = "<group>"; };
		9FB40DDC1247DE5200FDDA7B /* SBJsonBase.m */ = {isa = PBXFileReference; fileEncoding = 4; lastKnownFileType = sourcecode.c.objc; path = SBJsonBase.m; sourceTree = "<group>"; };
		9FB40DDD1247DE5200FDDA7B /* SBJsonParser.h */ = {isa = PBXFileReference; fileEncoding = 4; lastKnownFileType = sourcecode.c.h; path = SBJsonParser.h; sourceTree = "<group>"; };
		9FB40DDE1247DE5200FDDA7B /* SBJsonParser.m */ = {isa = PBXFileReference; fileEncoding = 4; lastKnownFileType = sourcecode.c.objc; path = SBJsonParser.m; sourceTree = "<group>"; };
		9FB40DDF1247DE5200FDDA7B /* SBJsonWriter.h */ = {isa = PBXFileReference; fileEncoding = 4; lastKnownFileType = sourcecode.c.h; path = SBJsonWriter.h; sourceTree = "<group>"; };
		9FB40DE01247DE5200FDDA7B /* SBJsonWriter.m */ = {isa = PBXFileReference; fileEncoding = 4; lastKnownFileType = sourcecode.c.objc; path = SBJsonWriter.m; sourceTree = "<group>"; };
		9FB40DE21247DE5200FDDA7B /* JRActivityObject.h */ = {isa = PBXFileReference; fileEncoding = 4; lastKnownFileType = sourcecode.c.h; path = JRActivityObject.h; sourceTree = "<group>"; };
		9FB40DE31247DE5200FDDA7B /* JRActivityObject.m */ = {isa = PBXFileReference; fileEncoding = 4; lastKnownFileType = sourcecode.c.objc; path = JRActivityObject.m; sourceTree = "<group>"; };
		9FB40DE41247DE5200FDDA7B /* JRConnectionManager.h */ = {isa = PBXFileReference; fileEncoding = 4; lastKnownFileType = sourcecode.c.h; path = JRConnectionManager.h; sourceTree = "<group>"; };
		9FB40DE51247DE5200FDDA7B /* JRConnectionManager.m */ = {isa = PBXFileReference; fileEncoding = 4; lastKnownFileType = sourcecode.c.objc; path = JRConnectionManager.m; sourceTree = "<group>"; };
		9FB40DE61247DE5200FDDA7B /* JREngage.h */ = {isa = PBXFileReference; fileEncoding = 4; lastKnownFileType = sourcecode.c.h; path = JREngage.h; sourceTree = "<group>"; };
		9FB40DE71247DE5200FDDA7B /* JREngage.m */ = {isa = PBXFileReference; fileEncoding = 4; lastKnownFileType = sourcecode.c.objc; path = JREngage.m; sourceTree = "<group>"; };
		9FB40DE81247DE5200FDDA7B /* JRInfoBar.h */ = {isa = PBXFileReference; fileEncoding = 4; lastKnownFileType = sourcecode.c.h; path = JRInfoBar.h; sourceTree = "<group>"; };
		9FB40DE91247DE5200FDDA7B /* JRInfoBar.m */ = {isa = PBXFileReference; fileEncoding = 4; lastKnownFileType = sourcecode.c.objc; path = JRInfoBar.m; sourceTree = "<group>"; };
		9FB40DEA1247DE5200FDDA7B /* JRModalNavigationController.h */ = {isa = PBXFileReference; fileEncoding = 4; lastKnownFileType = sourcecode.c.h; path = JRModalNavigationController.h; sourceTree = "<group>"; };
		9FB40DEB1247DE5200FDDA7B /* JRModalNavigationController.m */ = {isa = PBXFileReference; fileEncoding = 4; lastKnownFileType = sourcecode.c.objc; path = JRModalNavigationController.m; sourceTree = "<group>"; };
		9FB40DEC1247DE5200FDDA7B /* JRProvidersController.h */ = {isa = PBXFileReference; fileEncoding = 4; lastKnownFileType = sourcecode.c.h; path = JRProvidersController.h; sourceTree = "<group>"; };
		9FB40DED1247DE5200FDDA7B /* JRProvidersController.m */ = {isa = PBXFileReference; fileEncoding = 4; lastKnownFileType = sourcecode.c.objc; path = JRProvidersController.m; sourceTree = "<group>"; };
		9FB40DEE1247DE5200FDDA7B /* JRPublishActivityController.h */ = {isa = PBXFileReference; fileEncoding = 4; lastKnownFileType = sourcecode.c.h; path = JRPublishActivityController.h; sourceTree = "<group>"; };
		9FB40DEF1247DE5200FDDA7B /* JRPublishActivityController.m */ = {isa = PBXFileReference; fileEncoding = 4; lastKnownFileType = sourcecode.c.objc; path = JRPublishActivityController.m; sourceTree = "<group>"; };
		9FB40DF01247DE5200FDDA7B /* JRSessionData.h */ = {isa = PBXFileReference; fileEncoding = 4; lastKnownFileType = sourcecode.c.h; path = JRSessionData.h; sourceTree = "<group>"; };
		9FB40DF11247DE5200FDDA7B /* JRSessionData.m */ = {isa = PBXFileReference; fileEncoding = 4; lastKnownFileType = sourcecode.c.objc; path = JRSessionData.m; sourceTree = "<group>"; };
		9FB40DF21247DE5200FDDA7B /* JRUserInterfaceMaestro.h */ = {isa = PBXFileReference; fileEncoding = 4; lastKnownFileType = sourcecode.c.h; path = JRUserInterfaceMaestro.h; sourceTree = "<group>"; };
		9FB40DF31247DE5200FDDA7B /* JRUserInterfaceMaestro.m */ = {isa = PBXFileReference; fileEncoding = 4; lastKnownFileType = sourcecode.c.objc; path = JRUserInterfaceMaestro.m; sourceTree = "<group>"; };
		9FB40DF41247DE5200FDDA7B /* JRUserLandingController.h */ = {isa = PBXFileReference; fileEncoding = 4; lastKnownFileType = sourcecode.c.h; path = JRUserLandingController.h; sourceTree = "<group>"; };
		9FB40DF51247DE5200FDDA7B /* JRUserLandingController.m */ = {isa = PBXFileReference; fileEncoding = 4; lastKnownFileType = sourcecode.c.objc; path = JRUserLandingController.m; sourceTree = "<group>"; };
		9FB40DF61247DE5200FDDA7B /* JRWebViewController.h */ = {isa = PBXFileReference; fileEncoding = 4; lastKnownFileType = sourcecode.c.h; path = JRWebViewController.h; sourceTree = "<group>"; };
		9FB40DF71247DE5200FDDA7B /* JRWebViewController.m */ = {isa = PBXFileReference; fileEncoding = 4; lastKnownFileType = sourcecode.c.objc; path = JRWebViewController.m; sourceTree = "<group>"; };
		9FB40DF91247DE5200FDDA7B /* JRProvidersController.xib */ = {isa = PBXFileReference; lastKnownFileType = file.xib; name = JRProvidersController.xib; path = ../JREngage/Resources/JRProvidersController.xib; sourceTree = SOURCE_ROOT; };
		9FB40DFA1247DE5200FDDA7B /* JRPublishActivityController.xib */ = {isa = PBXFileReference; lastKnownFileType = file.xib; name = JRPublishActivityController.xib; path = ../JREngage/Resources/JRPublishActivityController.xib; sourceTree = SOURCE_ROOT; };
		9FB40DFB1247DE5200FDDA7B /* JRUserLandingController.xib */ = {isa = PBXFileReference; lastKnownFileType = file.xib; name = JRUserLandingController.xib; path = ../JREngage/Resources/JRUserLandingController.xib; sourceTree = SOURCE_ROOT; };
		9FB40DFC1247DE5200FDDA7B /* JRWebViewController.xib */ = {isa = PBXFileReference; lastKnownFileType = file.xib; name = JRWebViewController.xib; path = ../JREngage/Resources/JRWebViewController.xib; sourceTree = SOURCE_ROOT; };
		9FD54A0F1213726800E11512 /* FeedReader.h */ = {isa = PBXFileReference; fileEncoding = 4; lastKnownFileType = sourcecode.c.h; path = FeedReader.h; sourceTree = "<group>"; };
		9FD54A101213726800E11512 /* FeedReader.m */ = {isa = PBXFileReference; fileEncoding = 4; lastKnownFileType = sourcecode.c.objc; path = FeedReader.m; sourceTree = "<group>"; };
		9FED48F612241BCC004684F2 /* cell_background.png */ = {isa = PBXFileReference; lastKnownFileType = image.png; name = cell_background.png; path = Resources/cell_background.png; sourceTree = "<group>"; };
		9FED48F712241BCC004684F2 /* Default.png */ = {isa = PBXFileReference; lastKnownFileType = image.png; name = Default.png; path = Resources/Default.png; sourceTree = "<group>"; };
		9FED48F812241BCC004684F2 /* favicon.png */ = {isa = PBXFileReference; lastKnownFileType = image.png; name = favicon.png; path = Resources/favicon.png; sourceTree = "<group>"; };
		9FED48F912241BCC004684F2 /* FeedReaderSummary.xib */ = {isa = PBXFileReference; lastKnownFileType = file.xib; name = FeedReaderSummary.xib; path = Resources/FeedReaderSummary.xib; sourceTree = "<group>"; };
		9FED48FA12241BCC004684F2 /* icon_iphone.png */ = {isa = PBXFileReference; lastKnownFileType = image.png; name = icon_iphone.png; path = Resources/icon_iphone.png; sourceTree = "<group>"; };
		9FED48FB12241BCC004684F2 /* icon_iphone4.png */ = {isa = PBXFileReference; lastKnownFileType = image.png; name = icon_iphone4.png; path = Resources/icon_iphone4.png; sourceTree = "<group>"; };
		9FED48FC12241BCC004684F2 /* icon_itunes.png */ = {isa = PBXFileReference; lastKnownFileType = image.png; name = icon_itunes.png; path = Resources/icon_itunes.png; sourceTree = "<group>"; };
		9FED48FD12241BCC004684F2 /* janrain_logo.png */ = {isa = PBXFileReference; lastKnownFileType = image.png; name = janrain_logo.png; path = Resources/janrain_logo.png; sourceTree = "<group>"; };
		9FED48FE12241BCC004684F2 /* MainWindow.xib */ = {isa = PBXFileReference; lastKnownFileType = file.xib; name = MainWindow.xib; path = Resources/MainWindow.xib; sourceTree = "<group>"; };
/* End PBXFileReference section */

/* Begin PBXFrameworksBuildPhase section */
		1D60588F0D05DD3D006BFB54 /* Frameworks */ = {
			isa = PBXFrameworksBuildPhase;
			buildActionMask = 2147483647;
			files = (
				1D60589F0D05DD5A006BFB54 /* Foundation.framework in Frameworks */,
				1DF5F4E00D08C38300B7A737 /* UIKit.framework in Frameworks */,
				2892E4100DC94CBA00A64D0F /* CoreGraphics.framework in Frameworks */,
			);
			runOnlyForDeploymentPostprocessing = 0;
		};
/* End PBXFrameworksBuildPhase section */

/* Begin PBXGroup section */
		080E96DDFE201D6D7F000001 /* Classes */ = {
			isa = PBXGroup;
			children = (
				9FB409401241429300FDDA7B /* Quick_PublishAppDelegate.h */,
				9FB409411241429300FDDA7B /* Quick_PublishAppDelegate.m */,
				9FD54A0F1213726800E11512 /* FeedReader.h */,
				9FD54A101213726800E11512 /* FeedReader.m */,
				28C286DF0D94DF7D0034E888 /* FeedReaderSummary.h */,
				28C286E00D94DF7D0034E888 /* FeedReaderSummary.m */,
				9F8AC60D1210BD4E004DB52A /* FeedReaderDetail.h */,
				9F8AC60E1210BD4E004DB52A /* FeedReaderDetail.m */,
				9F87D85112145FDE00FF7E2C /* FeedReaderFeeds.h */,
				9F87D85212145FDE00FF7E2C /* FeedReaderFeeds.m */,
				9F87DF441219A97600FF7E2C /* FeedReaderWebView.h */,
				9F87DF451219A97600FF7E2C /* FeedReaderWebView.m */,
			);
			path = Classes;
			sourceTree = "<group>";
		};
		19C28FACFE9D520D11CA2CBB /* Products */ = {
			isa = PBXGroup;
			children = (
				1D6058910D05DD3D006BFB54 /* Quick Publish.app */,
			);
			name = Products;
			sourceTree = "<group>";
		};
		29B97314FDCFA39411CA2CEA /* CustomTemplate */ = {
			isa = PBXGroup;
			children = (
				9FB40DD31247DE5200FDDA7B /* JREngage */,
				080E96DDFE201D6D7F000001 /* Classes */,
				29B97315FDCFA39411CA2CEA /* Other Sources */,
				29B97317FDCFA39411CA2CEA /* Resources */,
				29B97323FDCFA39411CA2CEA /* Frameworks */,
				19C28FACFE9D520D11CA2CBB /* Products */,
			);
			name = CustomTemplate;
			sourceTree = "<group>";
		};
		29B97315FDCFA39411CA2CEA /* Other Sources */ = {
			isa = PBXGroup;
			children = (
				9FB40944124142AA00FDDA7B /* Quick_Publish_Prefix.pch */,
				29B97316FDCFA39411CA2CEA /* main.m */,
			);
			name = "Other Sources";
			sourceTree = "<group>";
		};
		29B97317FDCFA39411CA2CEA /* Resources */ = {
			isa = PBXGroup;
			children = (
				9FB409481241432100FDDA7B /* xibs */,
				9FB409471241431200FDDA7B /* images */,
				9FB409451241430500FDDA7B /* Quick_Publish-Info.plist */,
				9F3F36D2121C64EF00EFAF68 /* janrain_blog.json */,
			);
			name = Resources;
			sourceTree = "<group>";
		};
		29B97323FDCFA39411CA2CEA /* Frameworks */ = {
			isa = PBXGroup;
			children = (
				1DF5F4DF0D08C38300B7A737 /* UIKit.framework */,
				1D30AB110D05D00D00671497 /* Foundation.framework */,
				2892E40F0DC94CBA00A64D0F /* CoreGraphics.framework */,
			);
			name = Frameworks;
			sourceTree = "<group>";
		};
		9FB409471241431200FDDA7B /* images */ = {
			isa = PBXGroup;
			children = (
				9FB409591241435E00FDDA7B /* dark_blue_button_280x40.png */,
				9FED48F612241BCC004684F2 /* cell_background.png */,
				9FED48F712241BCC004684F2 /* Default.png */,
				9FED48F812241BCC004684F2 /* favicon.png */,
				9FED48FA12241BCC004684F2 /* icon_iphone.png */,
				9FED48FB12241BCC004684F2 /* icon_iphone4.png */,
				9FED48FC12241BCC004684F2 /* icon_itunes.png */,
				9FED48FD12241BCC004684F2 /* janrain_logo.png */,
			);
			name = images;
			sourceTree = "<group>";
		};
		9FB409481241432100FDDA7B /* xibs */ = {
			isa = PBXGroup;
			children = (
				9FB409531241435400FDDA7B /* FeedReaderDetail.xib */,
				9FB409541241435400FDDA7B /* FeedReaderFeeds.xib */,
				9FB409551241435400FDDA7B /* FeedReaderWebView.xib */,
				9FED48FE12241BCC004684F2 /* MainWindow.xib */,
				9FED48F912241BCC004684F2 /* FeedReaderSummary.xib */,
			);
			name = xibs;
			sourceTree = "<group>";
		};
		9FB40DD31247DE5200FDDA7B /* JREngage */ = {
			isa = PBXGroup;
			children = (
				9FB40DF81247DE5200FDDA7B /* Resources */,
				9FB40DD41247DE5200FDDA7B /* JREngage.bundle */,
				9FB40DD51247DE5200FDDA7B /* JSON */,
				9FB40DE11247DE5200FDDA7B /* classes */,
			);
			name = JREngage;
			sourceTree = "<group>";
		};
		9FB40DD51247DE5200FDDA7B /* JSON */ = {
			isa = PBXGroup;
			children = (
				9FB40DD61247DE5200FDDA7B /* JSON.h */,
				9FB40DD71247DE5200FDDA7B /* NSObject+SBJSON.h */,
				9FB40DD81247DE5200FDDA7B /* NSObject+SBJSON.m */,
				9FB40DD91247DE5200FDDA7B /* NSString+SBJSON.h */,
				9FB40DDA1247DE5200FDDA7B /* NSString+SBJSON.m */,
				9FB40DDB1247DE5200FDDA7B /* SBJsonBase.h */,
				9FB40DDC1247DE5200FDDA7B /* SBJsonBase.m */,
				9FB40DDD1247DE5200FDDA7B /* SBJsonParser.h */,
				9FB40DDE1247DE5200FDDA7B /* SBJsonParser.m */,
				9FB40DDF1247DE5200FDDA7B /* SBJsonWriter.h */,
				9FB40DE01247DE5200FDDA7B /* SBJsonWriter.m */,
			);
			name = JSON;
			path = ../JREngage/JSON;
			sourceTree = SOURCE_ROOT;
		};
		9FB40DE11247DE5200FDDA7B /* classes */ = {
			isa = PBXGroup;
			children = (
				9FB40DE21247DE5200FDDA7B /* JRActivityObject.h */,
				9FB40DE31247DE5200FDDA7B /* JRActivityObject.m */,
				9FB40DE41247DE5200FDDA7B /* JRConnectionManager.h */,
				9FB40DE51247DE5200FDDA7B /* JRConnectionManager.m */,
				9FB40DE61247DE5200FDDA7B /* JREngage.h */,
				9FB40DE71247DE5200FDDA7B /* JREngage.m */,
				9FB40DE81247DE5200FDDA7B /* JRInfoBar.h */,
				9FB40DE91247DE5200FDDA7B /* JRInfoBar.m */,
				9FB40DEA1247DE5200FDDA7B /* JRModalNavigationController.h */,
				9FB40DEB1247DE5200FDDA7B /* JRModalNavigationController.m */,
				9FB40DEC1247DE5200FDDA7B /* JRProvidersController.h */,
				9FB40DED1247DE5200FDDA7B /* JRProvidersController.m */,
				9FB40DEE1247DE5200FDDA7B /* JRPublishActivityController.h */,
				9FB40DEF1247DE5200FDDA7B /* JRPublishActivityController.m */,
				9FB40DF01247DE5200FDDA7B /* JRSessionData.h */,
				9FB40DF11247DE5200FDDA7B /* JRSessionData.m */,
				9FB40DF21247DE5200FDDA7B /* JRUserInterfaceMaestro.h */,
				9FB40DF31247DE5200FDDA7B /* JRUserInterfaceMaestro.m */,
				9FB40DF41247DE5200FDDA7B /* JRUserLandingController.h */,
				9FB40DF51247DE5200FDDA7B /* JRUserLandingController.m */,
				9FB40DF61247DE5200FDDA7B /* JRWebViewController.h */,
				9FB40DF71247DE5200FDDA7B /* JRWebViewController.m */,
			);
			name = classes;
			path = ../JREngage/classes;
			sourceTree = SOURCE_ROOT;
		};
		9FB40DF81247DE5200FDDA7B /* Resources */ = {
			isa = PBXGroup;
			children = (
				9FB40DF91247DE5200FDDA7B /* JRProvidersController.xib */,
				9FB40DFA1247DE5200FDDA7B /* JRPublishActivityController.xib */,
				9FB40DFB1247DE5200FDDA7B /* JRUserLandingController.xib */,
				9FB40DFC1247DE5200FDDA7B /* JRWebViewController.xib */,
			);
			name = Resources;
			sourceTree = "<group>";
		};
/* End PBXGroup section */

/* Begin PBXNativeTarget section */
		1D6058900D05DD3D006BFB54 /* Quick Publish */ = {
			isa = PBXNativeTarget;
			buildConfigurationList = 1D6058960D05DD3E006BFB54 /* Build configuration list for PBXNativeTarget "Quick Publish" */;
			buildPhases = (
				1D60588D0D05DD3D006BFB54 /* Resources */,
				1D60588E0D05DD3D006BFB54 /* Sources */,
				1D60588F0D05DD3D006BFB54 /* Frameworks */,
			);
			buildRules = (
			);
			dependencies = (
			);
			name = "Quick Publish";
			productName = "Quick Share";
			productReference = 1D6058910D05DD3D006BFB54 /* Quick Publish.app */;
			productType = "com.apple.product-type.application";
		};
/* End PBXNativeTarget section */

/* Begin PBXProject section */
		29B97313FDCFA39411CA2CEA /* Project object */ = {
			isa = PBXProject;
			buildConfigurationList = C01FCF4E08A954540054247B /* Build configuration list for PBXProject "QuickPublish" */;
			compatibilityVersion = "Xcode 3.1";
			hasScannedForEncodings = 1;
			knownRegions = (
				English,
				Japanese,
				French,
				German,
				en,
			);
			mainGroup = 29B97314FDCFA39411CA2CEA /* CustomTemplate */;
			projectDirPath = "";
			projectRoot = "";
			targets = (
				1D6058900D05DD3D006BFB54 /* Quick Publish */,
			);
		};
/* End PBXProject section */

/* Begin PBXResourcesBuildPhase section */
		1D60588D0D05DD3D006BFB54 /* Resources */ = {
			isa = PBXResourcesBuildPhase;
			buildActionMask = 2147483647;
			files = (
				9F3F36D3121C64EF00EFAF68 /* janrain_blog.json in Resources */,
				9FED48FF12241BCC004684F2 /* cell_background.png in Resources */,
				9FED490012241BCC004684F2 /* Default.png in Resources */,
				9FED490112241BCC004684F2 /* favicon.png in Resources */,
				9FED490212241BCC004684F2 /* FeedReaderSummary.xib in Resources */,
				9FED490312241BCC004684F2 /* icon_iphone.png in Resources */,
				9FED490412241BCC004684F2 /* icon_iphone4.png in Resources */,
				9FED490512241BCC004684F2 /* icon_itunes.png in Resources */,
				9FED490612241BCC004684F2 /* janrain_logo.png in Resources */,
				9FED490712241BCC004684F2 /* MainWindow.xib in Resources */,
				9FB409461241430500FDDA7B /* Quick_Publish-Info.plist in Resources */,
				9FB409561241435400FDDA7B /* FeedReaderDetail.xib in Resources */,
				9FB409571241435400FDDA7B /* FeedReaderFeeds.xib in Resources */,
				9FB409581241435400FDDA7B /* FeedReaderWebView.xib in Resources */,
				9FB4095A1241435E00FDDA7B /* dark_blue_button_280x40.png in Resources */,
				9FB40DFD1247DE5200FDDA7B /* JREngage.bundle in Resources */,
				9FB40E0E1247DE5200FDDA7B /* JRProvidersController.xib in Resources */,
				9FB40E0F1247DE5200FDDA7B /* JRPublishActivityController.xib in Resources */,
				9FB40E101247DE5200FDDA7B /* JRUserLandingController.xib in Resources */,
				9FB40E111247DE5200FDDA7B /* JRWebViewController.xib in Resources */,
			);
			runOnlyForDeploymentPostprocessing = 0;
		};
/* End PBXResourcesBuildPhase section */

/* Begin PBXSourcesBuildPhase section */
		1D60588E0D05DD3D006BFB54 /* Sources */ = {
			isa = PBXSourcesBuildPhase;
			buildActionMask = 2147483647;
			files = (
				1D60589B0D05DD56006BFB54 /* main.m in Sources */,
				28C286E10D94DF7D0034E888 /* FeedReaderSummary.m in Sources */,
				9F8AC6101210BD4E004DB52A /* FeedReaderDetail.m in Sources */,
				9FD54A111213726800E11512 /* FeedReader.m in Sources */,
				9F87D85412145FDE00FF7E2C /* FeedReaderFeeds.m in Sources */,
				9F87DF471219A97600FF7E2C /* FeedReaderWebView.m in Sources */,
				9FB409421241429300FDDA7B /* Quick_PublishAppDelegate.m in Sources */,
				9FB40DFE1247DE5200FDDA7B /* NSObject+SBJSON.m in Sources */,
				9FB40DFF1247DE5200FDDA7B /* NSString+SBJSON.m in Sources */,
				9FB40E001247DE5200FDDA7B /* SBJsonBase.m in Sources */,
				9FB40E011247DE5200FDDA7B /* SBJsonParser.m in Sources */,
				9FB40E021247DE5200FDDA7B /* SBJsonWriter.m in Sources */,
				9FB40E031247DE5200FDDA7B /* JRActivityObject.m in Sources */,
				9FB40E041247DE5200FDDA7B /* JRConnectionManager.m in Sources */,
				9FB40E051247DE5200FDDA7B /* JREngage.m in Sources */,
				9FB40E061247DE5200FDDA7B /* JRInfoBar.m in Sources */,
				9FB40E071247DE5200FDDA7B /* JRModalNavigationController.m in Sources */,
				9FB40E081247DE5200FDDA7B /* JRProvidersController.m in Sources */,
				9FB40E091247DE5200FDDA7B /* JRPublishActivityController.m in Sources */,
				9FB40E0A1247DE5200FDDA7B /* JRSessionData.m in Sources */,
				9FB40E0B1247DE5200FDDA7B /* JRUserInterfaceMaestro.m in Sources */,
				9FB40E0C1247DE5200FDDA7B /* JRUserLandingController.m in Sources */,
				9FB40E0D1247DE5200FDDA7B /* JRWebViewController.m in Sources */,
			);
			runOnlyForDeploymentPostprocessing = 0;
		};
/* End PBXSourcesBuildPhase section */

/* Begin XCBuildConfiguration section */
		1D6058940D05DD3E006BFB54 /* Debug */ = {
			isa = XCBuildConfiguration;
			buildSettings = {
				ALWAYS_SEARCH_USER_PATHS = NO;
				COPY_PHASE_STRIP = NO;
				GCC_DYNAMIC_NO_PIC = NO;
				GCC_OPTIMIZATION_LEVEL = 0;
				GCC_PRECOMPILE_PREFIX_HEADER = YES;
				GCC_PREFIX_HEADER = Quick_Publish_Prefix.pch;
				INFOPLIST_FILE = "Quick_Publish-Info.plist";
				PRODUCT_NAME = "Quick Publish";
				SDKROOT = iphoneos4.0;
				USER_HEADER_SEARCH_PATHS = "";
			};
			name = Debug;
		};
		1D6058950D05DD3E006BFB54 /* Release */ = {
			isa = XCBuildConfiguration;
			buildSettings = {
				ALWAYS_SEARCH_USER_PATHS = NO;
				COPY_PHASE_STRIP = YES;
				GCC_PRECOMPILE_PREFIX_HEADER = YES;
				GCC_PREFIX_HEADER = Quick_Publish_Prefix.pch;
				INFOPLIST_FILE = "Quick_Publish-Info.plist";
				PRODUCT_NAME = "Quick Publish";
				SDKROOT = iphoneos4.0;
				USER_HEADER_SEARCH_PATHS = "";
				VALIDATE_PRODUCT = YES;
			};
			name = Release;
		};
		9FED4FD112247D0D004684F2 /* Distribution */ = {
			isa = XCBuildConfiguration;
			buildSettings = {
				ARCHS = "$(ARCHS_STANDARD_32_BIT)";
				"CODE_SIGN_IDENTITY[sdk=iphoneos*]" = "iPhone Developer";
				GCC_C_LANGUAGE_STANDARD = c99;
				GCC_WARN_ABOUT_RETURN_TYPE = YES;
				GCC_WARN_UNUSED_VARIABLE = YES;
				OTHER_CFLAGS = "-DNS_BLOCK_ASSERTIONS=1";
				PREBINDING = NO;
				SDKROOT = iphoneos4.0;
			};
			name = Distribution;
		};
		9FED4FD212247D0D004684F2 /* Distribution */ = {
			isa = XCBuildConfiguration;
			buildSettings = {
				ALWAYS_SEARCH_USER_PATHS = NO;
				"CODE_SIGN_IDENTITY[sdk=iphoneos*]" = "iPhone Distribution: JanRain, Inc.";
				COPY_PHASE_STRIP = YES;
				GCC_PRECOMPILE_PREFIX_HEADER = YES;
				GCC_PREFIX_HEADER = Quick_Publish_Prefix.pch;
				INFOPLIST_FILE = "Quick_Publish-Info.plist";
				PRODUCT_NAME = "Quick Publish";
				"PROVISIONING_PROFILE[sdk=iphoneos*]" = "20843F31-CFDF-4704-A3BF-8912BE1C4392";
				SDKROOT = iphoneos4.0;
				USER_HEADER_SEARCH_PATHS = "";
				VALIDATE_PRODUCT = YES;
			};
			name = Distribution;
		};
		C01FCF4F08A954540054247B /* Debug */ = {
			isa = XCBuildConfiguration;
			buildSettings = {
				ARCHS = "$(ARCHS_STANDARD_32_BIT)";
				"CODE_SIGN_IDENTITY[sdk=iphoneos*]" = "iPhone Developer";
				GCC_C_LANGUAGE_STANDARD = c99;
				GCC_WARN_ABOUT_RETURN_TYPE = YES;
				GCC_WARN_UNUSED_VARIABLE = YES;
				PREBINDING = NO;
				SDKROOT = iphoneos4.0;
			};
			name = Debug;
		};
		C01FCF5008A954540054247B /* Release */ = {
			isa = XCBuildConfiguration;
			buildSettings = {
				ARCHS = "$(ARCHS_STANDARD_32_BIT)";
				"CODE_SIGN_IDENTITY[sdk=iphoneos*]" = "iPhone Developer";
				GCC_C_LANGUAGE_STANDARD = c99;
				GCC_WARN_ABOUT_RETURN_TYPE = YES;
				GCC_WARN_UNUSED_VARIABLE = YES;
				OTHER_CFLAGS = "-DNS_BLOCK_ASSERTIONS=1";
				PREBINDING = NO;
				SDKROOT = iphoneos4.0;
			};
			name = Release;
		};
/* End XCBuildConfiguration section */

/* Begin XCConfigurationList section */
		1D6058960D05DD3E006BFB54 /* Build configuration list for PBXNativeTarget "Quick Publish" */ = {
			isa = XCConfigurationList;
			buildConfigurations = (
				1D6058940D05DD3E006BFB54 /* Debug */,
				1D6058950D05DD3E006BFB54 /* Release */,
				9FED4FD212247D0D004684F2 /* Distribution */,
			);
			defaultConfigurationIsVisible = 0;
			defaultConfigurationName = Release;
		};
		C01FCF4E08A954540054247B /* Build configuration list for PBXProject "QuickPublish" */ = {
			isa = XCConfigurationList;
			buildConfigurations = (
				C01FCF4F08A954540054247B /* Debug */,
				C01FCF5008A954540054247B /* Release */,
				9FED4FD112247D0D004684F2 /* Distribution */,
			);
			defaultConfigurationIsVisible = 0;
			defaultConfigurationName = Release;
		};
/* End XCConfigurationList section */
	};
	rootObject = 29B97313FDCFA39411CA2CEA /* Project object */;
}
